// !$*UTF8*$!
{
	archiveVersion = 1;
	classes = {
	};
	objectVersion = 46;
	objects = {

/* Begin PBXBuildFile section */
		000C31486B86E39DE45E47A4 /* AboutExternalKeyboardViewController.m in Sources */ = {isa = PBXBuildFile; fileRef = BD70AD0D5F9D9C450A21AD6B /* AboutExternalKeyboardViewController.m */; };
		00A25016E8D97CD48271BE88 /* rgb.png in Resources */ = {isa = PBXBuildFile; fileRef = BD2E0773348291F09058F40C /* rgb.png */; };
		00E5B5B8ED3E96BEDCD7F147 /* DSHPermissionPromptTests.m in Sources */ = {isa = PBXBuildFile; fileRef = B6FA56FB501F122A6ABB8486 /* DSHPermissionPromptTests.m */; };
		022E8439371217DCF1FF6D88 /* DSHFilesCapability.m in Sources */ = {isa = PBXBuildFile; fileRef = B4C7D765A08E785865FEFDF8 /* DSHFilesCapability.m */; };
		05F68F7E95151F88E32FE296 /* UserPreferences.m in Sources */ = {isa = PBXBuildFile; fileRef = A7D0EAFE67BF1FC6825C2C5E /* UserPreferences.m */; };
		09B1A9FABAAF0AD31B622D1C /* reworked.png in Resources */ = {isa = PBXBuildFile; fileRef = E1E89509A3BB05B0FFC4C627 /* reworked.png */; };
		0C55C7AFE42B6605850D0DE1 /* ThemeViewController.m in Sources */ = {isa = PBXBuildFile; fileRef = 3EB9C4A74F3E1AFF1D109C70 /* ThemeViewController.m */; };
		0F81B3A71C219CD4CFD68E55 /* SceneDelegate.m in Sources */ = {isa = PBXBuildFile; fileRef = 6185B962BE9E6DE1AD85BB0E /* SceneDelegate.m */; };
		1143B881854BE5F4E5205E74 /* sprite64.png in Resources */ = {isa = PBXBuildFile; fileRef = 25586EC66B38811BBD792755 /* sprite64.png */; };
		142DA5B5F8A61B10EB0EA3D4 /* ArrowBarButton.m in Sources */ = {isa = PBXBuildFile; fileRef = 2B347FEB1029D62FD4173321 /* ArrowBarButton.m */; };
		15C663EBCCE7A4B7F3E76E08 /* term.js in Resources */ = {isa = PBXBuildFile; fileRef = B07A2D1D6021A22FF03DF7AB /* term.js */; };
		1919175F7180F6856CEA9060 /* DSHGuestLauncher.m in Sources */ = {isa = PBXBuildFile; fileRef = 97CFC2F1DEC5A7946F538F46 /* DSHGuestLauncher.m */; };
		1A2A1BAB30BFFB1B2071C742 /* AccessibilityFixes.m in Sources */ = {isa = PBXBuildFile; fileRef = DB32A29C4E36FAB63D6E11DB /* AccessibilityFixes.m */; };
		1B5B4A605647599935D051A0 /* hook.c in Sources */ = {isa = PBXBuildFile; fileRef = 5BEEE52C2DB14E34A3058416 /* hook.c */; };
		1C1AA79EE1EEC7F53F892FB9 /* AppGroup.m in Sources */ = {isa = PBXBuildFile; fileRef = 4D18010A49C94ED2313EB9BE /* AppGroup.m */; };
		1C98F687F20A759491DBF02F /* term.css in Resources */ = {isa = PBXBuildFile; fileRef = D076B8B2F11DE30398120F21 /* term.css */; };
		1CCA5ED0CA078023AE3E71ED /* RootsTableViewController.m in Sources */ = {isa = PBXBuildFile; fileRef = 8CAC214C40C366CCF52203D8 /* RootsTableViewController.m */; };
		1E1E01D9A56B804D43CF6DD2 /* DSHActivityLogTests.m in Sources */ = {isa = PBXBuildFile; fileRef = 28650D2A2038E70038CCF8F2 /* DSHActivityLogTests.m */; };
		22AC14A0F944D1DE9E1494C9 /* Icons.plist in Resources */ = {isa = PBXBuildFile; fileRef = 404C1E7D3D8A4F6DB3BA43E3 /* Icons.plist */; };
		27AEFE59BF2F3C8C89A53AF4 /* term.html in Resources */ = {isa = PBXBuildFile; fileRef = 31F903F846C8E43B5A5E5D48 /* term.html */; };
		287E705E0CCF4CC94BF8EE36 /* DSHHostBridge.m in Sources */ = {isa = PBXBuildFile; fileRef = 965488DBCCDA1C0FF84351B4 /* DSHHostBridge.m */; };
		294DC1A6CCA67014E85FF3A2 /* DSHLaunchUITests.m in Sources */ = {isa = PBXBuildFile; fileRef = 22F40A07F18C00AC7BC0B4B5 /* DSHLaunchUITests.m */; };
		2AE9E889D729CEDDD3E58FEB /* DSHLogBuffer.m in Sources */ = {isa = PBXBuildFile; fileRef = BAFD195A29813DA2285AC8FB /* DSHLogBuffer.m */; };
		2B35D020E00F75D579D9C502 /* PassthroughView.m in Sources */ = {isa = PBXBuildFile; fileRef = B3D0C67B5C629D488589E048 /* PassthroughView.m */; };
		2F15848D1684C3B5A432BC0A /* DSHLogViewController.m in Sources */ = {isa = PBXBuildFile; fileRef = 3C51669D04782AEEFD888784 /* DSHLogViewController.m */; };
		343EB3EF258CAFA2E9D490CC /* DSHActivityLog.m in Sources */ = {isa = PBXBuildFile; fileRef = 537C5E653404FC7E7119F0E2 /* DSHActivityLog.m */; };
		3472971C12EDDCD855D1FDAF /* LaunchScreen.storyboard in Resources */ = {isa = PBXBuildFile; fileRef = 519A4C72033C3623AEB5AAB1 /* LaunchScreen.storyboard */; };
		3893A4C72E7C027D8550ED54 /* DSHEventKitCapabilityTests.m in Sources */ = {isa = PBXBuildFile; fileRef = EAF1CB49A7C6A978775AFC5B /* DSHEventKitCapabilityTests.m */; };
		38F5B9959EFAC64DB8A7CA23 /* DSHNotificationCapability.m in Sources */ = {isa = PBXBuildFile; fileRef = C0DF62A073346EF8C7302F05 /* DSHNotificationCapability.m */; };
		3A7D9D071C35997340E6B0FA /* BarButton.m in Sources */ = {isa = PBXBuildFile; fileRef = 9759A4EAC26651DD70EC5BBD /* BarButton.m */; };
		3A8E0294AFABEA3EEB9C4EEB /* DSHAppDelegate.m in Sources */ = {isa = PBXBuildFile; fileRef = F495F917E6E3033415F0B0C9 /* DSHAppDelegate.m */; };
		4100D1CF6F0936DC2FEE556C /* fakefs.c in Sources */ = {isa = PBXBuildFile; fileRef = 21F17C839A06301DB056EDF4 /* fakefs.c */; };
		42B8221FCACB024474750519 /* PrivacyInfo.xcprivacy in Resources */ = {isa = PBXBuildFile; fileRef = 0D3EFC681DBF5279AB3FF213 /* PrivacyInfo.xcprivacy */; };
		430DB08EC964497C85C57683 /* DSHHealthCapabilityTests.m in Sources */ = {isa = PBXBuildFile; fileRef = CF81884D1534C852A1C1D4C9 /* DSHHealthCapabilityTests.m */; };
		43E3589DD8C8EDD811F5A924 /* dollarblock1.png in Resources */ = {isa = PBXBuildFile; fileRef = F250D79F3E00EE7A36DED554 /* dollarblock1.png */; };
		4455D11E4506247616DE3747 /* DSHCapabilitiesViewController.m in Sources */ = {isa = PBXBuildFile; fileRef = 745659BCBAB63408477A7F5A /* DSHCapabilitiesViewController.m */; };
		456033479C25AF87803D906E /* TerminalViewController.m in Sources */ = {isa = PBXBuildFile; fileRef = 728D007794C6394E13F05BA2 /* TerminalViewController.m */; };
		491E9D013175F6D3EC43499E /* idollarhash.png in Resources */ = {isa = PBXBuildFile; fileRef = 30630B4C797876C7F8BA3C94 /* idollarhash.png */; };
		4C0D5B65DA054D4569F31A3B /* IOSCalls.m in Sources */ = {isa = PBXBuildFile; fileRef = B09E9D1159547E2A5E9C9A3A /* IOSCalls.m */; };
		4CDDEBD08D32E9E028397FFC /* UpgradeRootViewController.m in Sources */ = {isa = PBXBuildFile; fileRef = 5F47AA37AFA646920C275E96 /* UpgradeRootViewController.m */; };
		4EBE5E1AAEF8947569DA8218 /* libresolv.tbd in Frameworks */ = {isa = PBXBuildFile; fileRef = 28A20AFBD889E73154E06D95 /* libresolv.tbd */; };
		51E88D3068BD7E89F5C5BBBA /* colontildehash.png in Resources */ = {isa = PBXBuildFile; fileRef = 3209F8BD59F3BD7949390E1D /* colontildehash.png */; };
		59B85C3BC10E5434F878B2F7 /* PasteboardDevice.m in Sources */ = {isa = PBXBuildFile; fileRef = FED886903D56803370E76AB3 /* PasteboardDevice.m */; };
		59E27AAE67D77A2E73C8C5DC /* DSHTestHTTPServer.m in Sources */ = {isa = PBXBuildFile; fileRef = FF54A8AB1961BF0515372847 /* DSHTestHTTPServer.m */; };
		5B1C3A33F7E4B7CEF130AF34 /* DSHDeviceCapability.m in Sources */ = {isa = PBXBuildFile; fileRef = A136FE66E9FECC95F6B6948D /* DSHDeviceCapability.m */; };
		5C96F30D26415ABBB94C586D /* iOSFS.m in Sources */ = {isa = PBXBuildFile; fileRef = A5E83FF68DB0C98277CE12BA /* iOSFS.m */; };
		5CA8136DE05FFA0FCFDD9FBA /* AboutNavigationController.m in Sources */ = {isa = PBXBuildFile; fileRef = 62AABF7385B3141F4F882681 /* AboutNavigationController.m */; };
		641D3854D9809FA4B39E29E7 /* DSHCapability.m in Sources */ = {isa = PBXBuildFile; fileRef = B2F36C5A31EA4690DAC3413D /* DSHCapability.m */; };
		64859E714A1E7C2BF634EC75 /* About.storyboard in Resources */ = {isa = PBXBuildFile; fileRef = 2F69ED5D2052CD5873BA44B4 /* About.storyboard */; };
		65BB4DA2291E96D9A22E9D01 /* DSHHealthCapability.m in Sources */ = {isa = PBXBuildFile; fileRef = 2EF55772253BB1775D2078A4 /* DSHHealthCapability.m */; };
		66558E070E0127E0FF3F3755 /* Assets.xcassets in Resources */ = {isa = PBXBuildFile; fileRef = D712D13F8D973AE4DEB93D78 /* Assets.xcassets */; };
		66DAF2CD8F3E8F776FE6C48D /* DSHCallConfirmation.m in Sources */ = {isa = PBXBuildFile; fileRef = C4D3D12F2D7335C3274758D7 /* DSHCallConfirmation.m */; };
		686B68CCD949923D70D3EF38 /* DSHCapabilityRoutesTests.m in Sources */ = {isa = PBXBuildFile; fileRef = 64EEEEC3B22BDA3917DE7F72 /* DSHCapabilityRoutesTests.m */; };
		6CE83A741B9BD10328E0E727 /* ThemesViewController.m in Sources */ = {isa = PBXBuildFile; fileRef = 3243863156CB5C18A9671DD8 /* ThemesViewController.m */; };
		6E8AC24EA0E8AD15887CB807 /* AboutViewController.m in Sources */ = {isa = PBXBuildFile; fileRef = F14087E84F0D0D3AC6793754 /* AboutViewController.m */; };
		6EAF12531CDFB32FF7F0E6A8 /* mach_exc.defs in Sources */ = {isa = PBXBuildFile; fileRef = 5A587E12AE91EA886B17FCCE /* mach_exc.defs */; settings = {ATTRIBUTES = (Server, ); }; };
		6FB8D530D99BB308C0A88FDE /* Foundation.framework in Frameworks */ = {isa = PBXBuildFile; fileRef = 7D91408896D8AF412B5AF17A /* Foundation.framework */; };
		6FF91819F32A830EF8B9478B /* libiconv.tbd in Frameworks */ = {isa = PBXBuildFile; fileRef = 50EB8365C0338C4DABC373BB /* libiconv.tbd */; };
		71FF7E0E5FFC370C5CE94DFB /* ExceptionExfiltrator.m in Sources */ = {isa = PBXBuildFile; fileRef = EA1EA845586F4FA3C963A545 /* ExceptionExfiltrator.m */; };
		722F357693F850FB79EDC57A /* uninspired.png in Resources */ = {isa = PBXBuildFile; fileRef = E78CBA7750CE1B01FA15E3AE /* uninspired.png */; };
		74400F22A2BF6F9207C87D80 /* icon1337.png in Resources */ = {isa = PBXBuildFile; fileRef = 60AC50DF6F876F42900E37AA /* icon1337.png */; };
		7B133F2A1ABE3CA4DC3303E0 /* ihash1.png in Resources */ = {isa = PBXBuildFile; fileRef = 9093B54725FD1C38645C6460 /* ihash1.png */; };
		7BCFD4D391F312494925E25E /* TerminalView.m in Sources */ = {isa = PBXBuildFile; fileRef = 6ACD51A84E8CCC964CEF0135 /* TerminalView.m */; };
		7C7AD1C407F9BDC57A916B7A /* DSHPortAllocator.m in Sources */ = {isa = PBXBuildFile; fileRef = 3524A6B690661F07F4365249 /* DSHPortAllocator.m */; };
		7CD5B3067C431963A9ABB34E /* DSHHarness.m in Sources */ = {isa = PBXBuildFile; fileRef = D0AC7842B7FB9B896AB0B5AD /* DSHHarness.m */; };
		7D707C99BBB866023E13B43D /* dollarblock2.png in Resources */ = {isa = PBXBuildFile; fileRef = B87057E135DE3151D50080BA /* dollarblock2.png */; };
		7DCD41BD35A92FA0DAE98A89 /* metal.png in Resources */ = {isa = PBXBuildFile; fileRef = C90978658D66805B10DC3118 /* metal.png */; };
		7DDC8EA2B19BFB3444553325 /* ProgressReportViewController.m in Sources */ = {isa = PBXBuildFile; fileRef = 6D7BB809DB8B47332BE0D1D1 /* ProgressReportViewController.m */; };
		80B5EF43F89A54B354BF8CCA /* DSHActivityCapability.m in Sources */ = {isa = PBXBuildFile; fileRef = 667ED340A81098C305A17C54 /* DSHActivityCapability.m */; };
		81090EAB6F4C0273544EC759 /* iinhash.png in Resources */ = {isa = PBXBuildFile; fileRef = EAF8DFAD2310FBE4DF801279 /* iinhash.png */; };
		89E7EB92D149CA3DA791ECF4 /* DSHCoreTests.m in Sources */ = {isa = PBXBuildFile; fileRef = 1A7E59984A6BB20374F691A8 /* DSHCoreTests.m */; };
		8A5A8BA1A5286A30989FFE2B /* UIViewController+Extras.m in Sources */ = {isa = PBXBuildFile; fileRef = B5263D002AD4EFABF38BD87D /* UIViewController+Extras.m */; };
		8B2621C606DEDE8C7A872DB4 /* 3d.png in Resources */ = {isa = PBXBuildFile; fileRef = F253D864F675C8011055651C /* 3d.png */; };
		8BB0512A16626A3C2D64F565 /* DSHAssets.xcassets in Resources */ = {isa = PBXBuildFile; fileRef = FEFD882547827449900E87CF /* DSHAssets.xcassets */; };
		8C3510460450ECF1467B0E7B /* circular.png in Resources */ = {isa = PBXBuildFile; fileRef = 1F7E414EA713CF3AC1984F62 /* circular.png */; };
		8E6873562D314CB6FAF763EF /* pydann2.png in Resources */ = {isa = PBXBuildFile; fileRef = B6C8A58D64AB89E235F40274 /* pydann2.png */; };
		8F21871695FD53DC5F4CEEEE /* Roots.storyboard in Resources */ = {isa = PBXBuildFile; fileRef = CF4C0B9B6D0749425724B009 /* Roots.storyboard */; };
		906D475E3F7A978BEF424938 /* ISHShellExecutor.m in Sources */ = {isa = PBXBuildFile; fileRef = 08B9541A3402FA146265DC28 /* ISHShellExecutor.m */; };
		9736EA6DD8256706B47AB7AA /* Foundation.framework in Frameworks */ = {isa = PBXBuildFile; fileRef = 7D91408896D8AF412B5AF17A /* Foundation.framework */; };
		97D46CBCF63610C8B84CA71A /* LocationDevice.m in Sources */ = {isa = PBXBuildFile; fileRef = A8DA42FFA4927727E73D0A3C /* LocationDevice.m */; };
		A010FB478764FA190456535C /* Theme.m in Sources */ = {isa = PBXBuildFile; fileRef = CF061D2FF9B318ABC7C73924 /* Theme.m */; };
		A1C0619438A3E2FC4EB92947 /* DSHContactsCapability.m in Sources */ = {isa = PBXBuildFile; fileRef = E32F9357A789CFF0CF462A13 /* DSHContactsCapability.m */; };
		A65CA824323FFC3888EA225D /* DebugServer.c in Sources */ = {isa = PBXBuildFile; fileRef = 95555F3A3EB26ED927B2469C /* DebugServer.c */; };
		A6884E9D6CB679212E9A7DE2 /* DSHEventKitCapability.m in Sources */ = {isa = PBXBuildFile; fileRef = 15AD795D5CEE46563B617AB0 /* DSHEventKitCapability.m */; };
		AEEEC92C52711AB36B2CEEF3 /* DSHStatusOverlayView.m in Sources */ = {isa = PBXBuildFile; fileRef = E85707052F1D5E5951576E23 /* DSHStatusOverlayView.m */; };
		AF3B3ED4ABDBC29565760DBC /* DSHLocationCapability.m in Sources */ = {isa = PBXBuildFile; fileRef = D5655591DE0E811E7CAB736B /* DSHLocationCapability.m */; };
		B1AAE1B0A733921F215E6F21 /* DSHRootViewController.m in Sources */ = {isa = PBXBuildFile; fileRef = 16A82F9CA75B7FB5A950DB61 /* DSHRootViewController.m */; };
		B7C74BBE0E11F6E1E7D2759E /* DSHBootCoordinator.m in Sources */ = {isa = PBXBuildFile; fileRef = CA2EF18C3C72B900FD9D11FD /* DSHBootCoordinator.m */; };
		BAA894408BE637B3FA7768A2 /* DSHShortcutsCapability.m in Sources */ = {isa = PBXBuildFile; fileRef = 31C9B62A60897E6D0ACAC526 /* DSHShortcutsCapability.m */; };
		BBECA2AC807741D9808F94E5 /* DelayedUITask.m in Sources */ = {isa = PBXBuildFile; fileRef = 922F03199C5BAA0C66EDECF4 /* DelayedUITask.m */; };
		BF0643DBCB54AD09F691C91B /* DSHMockLLMServer.m in Sources */ = {isa = PBXBuildFile; fileRef = 0C9ABA00CD9E5D56C33823F9 /* DSHMockLLMServer.m */; };
		C2DDAB3B1457E2DEF9CBF012 /* notsurewhatthisis.png in Resources */ = {isa = PBXBuildFile; fileRef = 922285A5F3A5FDFCE37FCC14 /* notsurewhatthisis.png */; };
		C5C8B00721EFECE826AF916E /* FontPickerViewController.m in Sources */ = {isa = PBXBuildFile; fileRef = 9C4A8CBDA444EED661747D84 /* FontPickerViewController.m */; };
		C8675D8A3E5F70F7FB7E2593 /* hterm_all.js in Resources */ = {isa = PBXBuildFile; fileRef = 279200F3464419B124004A15 /* hterm_all.js */; };
		CA9CFAF0798CEA28F61672F1 /* ScrollbarView.m in Sources */ = {isa = PBXBuildFile; fileRef = 7F38559C743AC87B3A28F020 /* ScrollbarView.m */; };
		CB6E90EA257A034A575DE5F9 /* DSHHostBridgeTests.m in Sources */ = {isa = PBXBuildFile; fileRef = 5107A92247033887B0CC2B6E /* DSHHostBridgeTests.m */; };
		CCE6069C4F8339373429BD23 /* libbz2.tbd in Frameworks */ = {isa = PBXBuildFile; fileRef = 253CB0BE8903BA426726C06F /* libbz2.tbd */; };
		CF3431E56E3353DD40E7C002 /* SystemConfiguration.framework in Frameworks */ = {isa = PBXBuildFile; fileRef = 1DC0292A150353E9AEA01A9F /* SystemConfiguration.framework */; };
		CFE778EE986D4C1BDD058124 /* NSObject+SaneKVO.m in Sources */ = {isa = PBXBuildFile; fileRef = 89C20549776BBCA5461E80AA /* NSObject+SaneKVO.m */; };
		D05D077D2E0E294BB28DB4B4 /* libarchive.a in Frameworks */ = {isa = PBXBuildFile; fileRef = 8F788A24473B0A4AF32F6E78 /* libarchive.a */; };
		D062E7C0C87BF25BB3D92944 /* DSHCapabilityReportTests.m in Sources */ = {isa = PBXBuildFile; fileRef = 982B34877013457F008DF65F /* DSHCapabilityReportTests.m */; };
		D1ACD4324087378A214F808D /* RootfsPatch.bundle in Resources */ = {isa = PBXBuildFile; fileRef = F6A6B7FB5C2CE7F30DA854F9 /* RootfsPatch.bundle */; };
		D4D26D1873745F4E27631BD1 /* DSHReadinessProbe.m in Sources */ = {isa = PBXBuildFile; fileRef = BBE786FB2E4BE80FC9D8ECC1 /* DSHReadinessProbe.m */; };
		D6A1F1BA62D693D35DE84A75 /* DSHLaunchScreen.storyboard in Resources */ = {isa = PBXBuildFile; fileRef = D7B6E2168AA29DC9D8234137 /* DSHLaunchScreen.storyboard */; };
		DAB0D69DBB26D7FA9AD78544 /* DSHGuestIntegrationTests.m in Sources */ = {isa = PBXBuildFile; fileRef = 047007D0EBEF1E679502F4AE /* DSHGuestIntegrationTests.m */; };
		DBEA8C61000942B7EF0A7478 /* Terminal.m in Sources */ = {isa = PBXBuildFile; fileRef = 1C28B04D2A9678E308F48266 /* Terminal.m */; };
		DC6E4FEC0BDE075E080F701B /* Settings.bundle in Resources */ = {isa = PBXBuildFile; fileRef = 62694E3D60F01CDB90C9E544 /* Settings.bundle */; };
		DC7A8A10A652476FBE5FD7BA /* UIApplication+OpenURL.m in Sources */ = {isa = PBXBuildFile; fileRef = 78222A13BADFA65B6D41D6F6 /* UIApplication+OpenURL.m */; };
		DD54D0B55EEC6197C961BC8C /* AppDelegate.m in Sources */ = {isa = PBXBuildFile; fileRef = 9E76D8B63BB4C840FF88E54C /* AppDelegate.m */; };
		DE7F62C83E659BA7F5E6ADC3 /* DSHCallConfirmationTests.m in Sources */ = {isa = PBXBuildFile; fileRef = AAD11BD38D30E049BE15E1BD /* DSHCallConfirmationTests.m */; };
		E213F4E6D6AD33D2CCC6F902 /* icon.png in Resources */ = {isa = PBXBuildFile; fileRef = 7BB329C37DDA769C4253DD6A /* icon.png */; };
		E28D91D375D3F06824144096 /* pydann1.png in Resources */ = {isa = PBXBuildFile; fileRef = F0484FB785C91F79E53AF09B /* pydann1.png */; };
		E8F1CEDC34D0A785712460DF /* Roots.m in Sources */ = {isa = PBXBuildFile; fileRef = 72F750BC638B982E0ACBC407 /* Roots.m */; };
		E9648FC430448A26A11BCE93 /* DSHRootUpgrader.m in Sources */ = {isa = PBXBuildFile; fileRef = 4FE18CC236DB8D5F5F96C760 /* DSHRootUpgrader.m */; };
		EA443F65C9B328EDA4F4BCD3 /* AltIconViewController.m in Sources */ = {isa = PBXBuildFile; fileRef = 06CCEDC7CFAC960BE70658D8 /* AltIconViewController.m */; };
		EBE3AEDFFCA719C622B49855 /* DSHActivityViewController.m in Sources */ = {isa = PBXBuildFile; fileRef = ADCFA8B916E370C1E81E4915 /* DSHActivityViewController.m */; };
		EBFE6BA758F53D90EC0455D7 /* DSHSceneDelegate.m in Sources */ = {isa = PBXBuildFile; fileRef = 2ACF8354AEA056809DFCC0EA /* DSHSceneDelegate.m */; };
		F171A8D98464C18669943947 /* Terminal.storyboard in Resources */ = {isa = PBXBuildFile; fileRef = 42604F99A642BCE54C6D06C4 /* Terminal.storyboard */; };
		F1E06C2EDE1951D2FE7E8B2D /* ishcolontildehash.png in Resources */ = {isa = PBXBuildFile; fileRef = 90349EAE6B4B4B51FA8C6F7A /* ishcolontildehash.png */; };
		F219A0F42EDE55ACF7177760 /* DSHMain.m in Sources */ = {isa = PBXBuildFile; fileRef = 6168330FAD1BDD7FBD630D2B /* DSHMain.m */; };
		F6C0F560941EB3E774D9D82E /* Foundation.framework in Frameworks */ = {isa = PBXBuildFile; fileRef = 7D91408896D8AF412B5AF17A /* Foundation.framework */; };
		F6F20F4C7E872BF6B106C55B /* is.png in Resources */ = {isa = PBXBuildFile; fileRef = 003D03FC7265ABCBC096E8B2 /* is.png */; };
		FEAA6ABA26CABAC953683415 /* freeiosterminal.png in Resources */ = {isa = PBXBuildFile; fileRef = 3F7C3AE463526AC22B9B219B /* freeiosterminal.png */; };
		FEF498AEE5DF7A4D16FA708D /* CoreLocation.framework in Frameworks */ = {isa = PBXBuildFile; fileRef = BDAA3C660C647141D188E6D8 /* CoreLocation.framework */; };
		FF0AA18A065554EFF83085D3 /* AboutAppearanceViewController.m in Sources */ = {isa = PBXBuildFile; fileRef = 35B8912906FEDEC2954B204E /* AboutAppearanceViewController.m */; };
		FFB38F4039DBA8C7C6D52474 /* CurrentRoot.m in Sources */ = {isa = PBXBuildFile; fileRef = 9D1E476380B986E4502930E0 /* CurrentRoot.m */; };
		FFB6B286AA26302DC7BE6D51 /* FakeFFmpeg.m in Sources */ = {isa = PBXBuildFile; fileRef = 4A68F67C85AF15E433B1D390 /* FakeFFmpeg.m */; };
/* End PBXBuildFile section */

/* Begin PBXBuildRule section */
		48DE8F126DA4E0FE06E76EA4 /* PBXBuildRule */ = {
			isa = PBXBuildRule;
			compilerSpec = com.apple.compilers.proxy.script;
			fileType = sourcecode.mig;
			isEditable = 1;
			outputFiles = (
				"$(DERIVED_FILE_DIR)/mach_excServer.h",
				"$(DERIVED_FILE_DIR)/mach_excServer.c",
			);
			script = "set -x\n\nunset IPHONEOS_DEPLOYMENT_TARGET\n\nsdk=\"$(dirname \"$SCRIPT_INPUT_FILE\")/../../../\"\ncd \"$DERIVED_FILE_DIR\"\nmig -sheader \"$DERIVED_FILE_DIR/mach_excServer.h\" -server \"$DERIVED_FILE_DIR/mach_excServer.c\" -Wno-incompatible-sysroot -isysroot \"$sdk\" \"$SCRIPT_INPUT_FILE\"\n";
		};
/* End PBXBuildRule section */

/* Begin PBXContainerItemProxy section */
		58013243D33F2EC89F25E412 /* PBXContainerItemProxy */ = {
			isa = PBXContainerItemProxy;
			containerPortal = FCB16E4FA251D0BEC08A22D2 /* libarchive.xcodeproj */;
			proxyType = 2;
			remoteGlobalIDString = BB10E0D6248DA67B009C7A74;
			remoteInfo = Subproject;
		};
		62C0E7F8ACF780BF110ECAED /* PBXContainerItemProxy */ = {
			isa = PBXContainerItemProxy;
			containerPortal = DC10D664AE5C45254C8D477F /* Project object */;
			proxyType = 1;
			remoteGlobalIDString = 9D9F5600A3307B90EDBCADAF;
			remoteInfo = DSH;
		};
		65EB41D44083CC2A9412D407 /* PBXContainerItemProxy */ = {
			isa = PBXContainerItemProxy;
			containerPortal = DC10D664AE5C45254C8D477F /* Project object */;
			proxyType = 1;
			remoteGlobalIDString = 9D9F5600A3307B90EDBCADAF;
			remoteInfo = DSH;
		};
		EA5429CB2AD68BE36F45D0AB /* PBXContainerItemProxy */ = {
			isa = PBXContainerItemProxy;
			containerPortal = FCB16E4FA251D0BEC08A22D2 /* libarchive.xcodeproj */;
			proxyType = 1;
			remoteGlobalIDString = BB10E0D5248DA67B009C7A74;
			remoteInfo = libarchive;
		};
/* End PBXContainerItemProxy section */

/* Begin PBXFileReference section */
		003D03FC7265ABCBC096E8B2 /* is.png */ = {isa = PBXFileReference; includeInIndex = 1; lastKnownFileType = image.png; path = is.png; sourceTree = "<group>"; };
		04196FD3C6B136E8FF2C6971 /* Info.plist */ = {isa = PBXFileReference; includeInIndex = 1; lastKnownFileType = text.plist.xml; path = Info.plist; sourceTree = "<group>"; };
		047007D0EBEF1E679502F4AE /* DSHGuestIntegrationTests.m */ = {isa = PBXFileReference; includeInIndex = 1; lastKnownFileType = sourcecode.c.objc; path = DSHGuestIntegrationTests.m; sourceTree = "<group>"; };
		06CCEDC7CFAC960BE70658D8 /* AltIconViewController.m */ = {isa = PBXFileReference; includeInIndex = 1; lastKnownFileType = sourcecode.c.objc; path = AltIconViewController.m; sourceTree = "<group>"; };
		08B9541A3402FA146265DC28 /* ISHShellExecutor.m */ = {isa = PBXFileReference; includeInIndex = 1; lastKnownFileType = sourcecode.c.objc; path = ISHShellExecutor.m; sourceTree = "<group>"; };
		0AC7D9C3534B9C38DE23822E /* cordis.patch.yml */ = {isa = PBXFileReference; includeInIndex = 1; path = cordis.patch.yml; sourceTree = "<group>"; };
		0C9ABA00CD9E5D56C33823F9 /* DSHMockLLMServer.m */ = {isa = PBXFileReference; includeInIndex = 1; lastKnownFileType = sourcecode.c.objc; path = DSHMockLLMServer.m; sourceTree = "<group>"; };
		0D3EFC681DBF5279AB3FF213 /* PrivacyInfo.xcprivacy */ = {isa = PBXFileReference; includeInIndex = 1; path = PrivacyInfo.xcprivacy; sourceTree = "<group>"; };
		1212EE359C1CB5F51F8FC3B9 /* DSHCallConfirmation.h */ = {isa = PBXFileReference; includeInIndex = 1; lastKnownFileType = sourcecode.c.h; path = DSHCallConfirmation.h; sourceTree = "<group>"; };
		124E1017D408E869FB3E5C83 /* DSHGuestLauncher.h */ = {isa = PBXFileReference; includeInIndex = 1; lastKnownFileType = sourcecode.c.h; path = DSHGuestLauncher.h; sourceTree = "<group>"; };
		142F2A87D7E17A13ABD184BE /* neon_convert_test.c */ = {isa = PBXFileReference; includeInIndex = 1; path = neon_convert_test.c; sourceTree = "<group>"; };
		15AD795D5CEE46563B617AB0 /* DSHEventKitCapability.m */ = {isa = PBXFileReference; includeInIndex = 1; lastKnownFileType = sourcecode.c.objc; path = DSHEventKitCapability.m; sourceTree = "<group>"; };
		16A82F9CA75B7FB5A950DB61 /* DSHRootViewController.m */ = {isa = PBXFileReference; includeInIndex = 1; lastKnownFileType = sourcecode.c.objc; path = DSHRootViewController.m; sourceTree = "<group>"; };
		17CE45ACE9FF8B2D87A3C239 /* DSHActivityViewController.h */ = {isa = PBXFileReference; includeInIndex = 1; lastKnownFileType = sourcecode.c.h; path = DSHActivityViewController.h; sourceTree = "<group>"; };
		185BC515E9D4F2D5CFAD6ADB /* ProjectRelease.xcconfig */ = {isa = PBXFileReference; includeInIndex = 1; lastKnownFileType = text.xcconfig; path = ProjectRelease.xcconfig; sourceTree = "<group>"; };
		1A1EA4C2CA6249DE755D255B /* DSHSceneDelegate.h */ = {isa = PBXFileReference; includeInIndex = 1; lastKnownFileType = sourcecode.c.h; path = DSHSceneDelegate.h; sourceTree = "<group>"; };
		1A7E59984A6BB20374F691A8 /* DSHCoreTests.m */ = {isa = PBXFileReference; includeInIndex = 1; lastKnownFileType = sourcecode.c.objc; path = DSHCoreTests.m; sourceTree = "<group>"; };
		1B48CAB34A2ECF1E5FD6BBF2 /* DSHContactsCapability.h */ = {isa = PBXFileReference; includeInIndex = 1; lastKnownFileType = sourcecode.c.h; path = DSHContactsCapability.h; sourceTree = "<group>"; };
		1C28B04D2A9678E308F48266 /* Terminal.m */ = {isa = PBXFileReference; includeInIndex = 1; lastKnownFileType = sourcecode.c.objc; path = Terminal.m; sourceTree = "<group>"; };
		1DC0292A150353E9AEA01A9F /* SystemConfiguration.framework */ = {isa = PBXFileReference; lastKnownFileType = wrapper.framework; name = SystemConfiguration.framework; path = System/Library/Frameworks/SystemConfiguration.framework; sourceTree = SDKROOT; };
		1F7E414EA713CF3AC1984F62 /* circular.png */ = {isa = PBXFileReference; includeInIndex = 1; lastKnownFileType = image.png; path = circular.png; sourceTree = "<group>"; };
		21F17C839A06301DB056EDF4 /* fakefs.c */ = {isa = PBXFileReference; includeInIndex = 1; path = fakefs.c; sourceTree = "<group>"; };
		22F40A07F18C00AC7BC0B4B5 /* DSHLaunchUITests.m */ = {isa = PBXFileReference; includeInIndex = 1; lastKnownFileType = sourcecode.c.objc; path = DSHLaunchUITests.m; sourceTree = "<group>"; };
		253CB0BE8903BA426726C06F /* libbz2.tbd */ = {isa = PBXFileReference; includeInIndex = 1; name = libbz2.tbd; path = usr/lib/libbz2.tbd; sourceTree = SDKROOT; };
		25586EC66B38811BBD792755 /* sprite64.png */ = {isa = PBXFileReference; includeInIndex = 1; lastKnownFileType = image.png; path = sprite64.png; sourceTree = "<group>"; };
		279200F3464419B124004A15 /* hterm_all.js */ = {isa = PBXFileReference; includeInIndex = 1; path = hterm_all.js; sourceTree = "<group>"; };
		281586F6B2BE50454FABA2AC /* emu-test.sh */ = {isa = PBXFileReference; includeInIndex = 1; lastKnownFileType = text.script.sh; path = "emu-test.sh"; sourceTree = "<group>"; };
		28650D2A2038E70038CCF8F2 /* DSHActivityLogTests.m */ = {isa = PBXFileReference; includeInIndex = 1; lastKnownFileType = sourcecode.c.objc; path = DSHActivityLogTests.m; sourceTree = "<group>"; };
		28A20AFBD889E73154E06D95 /* libresolv.tbd */ = {isa = PBXFileReference; includeInIndex = 1; name = libresolv.tbd; path = usr/lib/libresolv.tbd; sourceTree = SDKROOT; };
		2ACF8354AEA056809DFCC0EA /* DSHSceneDelegate.m */ = {isa = PBXFileReference; includeInIndex = 1; lastKnownFileType = sourcecode.c.objc; path = DSHSceneDelegate.m; sourceTree = "<group>"; };
		2B347FEB1029D62FD4173321 /* ArrowBarButton.m */ = {isa = PBXFileReference; includeInIndex = 1; lastKnownFileType = sourcecode.c.objc; path = ArrowBarButton.m; sourceTree = "<group>"; };
		2E6B8FC21E1648B9B4042DC6 /* Info.plist */ = {isa = PBXFileReference; includeInIndex = 1; lastKnownFileType = text.plist.xml; path = Info.plist; sourceTree = "<group>"; };
		2EF55772253BB1775D2078A4 /* DSHHealthCapability.m */ = {isa = PBXFileReference; includeInIndex = 1; lastKnownFileType = sourcecode.c.objc; path = DSHHealthCapability.m; sourceTree = "<group>"; };
		2F69ED5D2052CD5873BA44B4 /* About.storyboard */ = {isa = PBXFileReference; includeInIndex = 1; lastKnownFileType = file.storyboard; path = About.storyboard; sourceTree = "<group>"; };
		30630B4C797876C7F8BA3C94 /* idollarhash.png */ = {isa = PBXFileReference; includeInIndex = 1; lastKnownFileType = image.png; path = idollarhash.png; sourceTree = "<group>"; };
		31C9B62A60897E6D0ACAC526 /* DSHShortcutsCapability.m */ = {isa = PBXFileReference; includeInIndex = 1; lastKnownFileType = sourcecode.c.objc; path = DSHShortcutsCapability.m; sourceTree = "<group>"; };
		31F903F846C8E43B5A5E5D48 /* term.html */ = {isa = PBXFileReference; includeInIndex = 1; path = term.html; sourceTree = "<group>"; };
		3209F8BD59F3BD7949390E1D /* colontildehash.png */ = {isa = PBXFileReference; includeInIndex = 1; lastKnownFileType = image.png; path = colontildehash.png; sourceTree = "<group>"; };
		3243863156CB5C18A9671DD8 /* ThemesViewController.m */ = {isa = PBXFileReference; includeInIndex = 1; lastKnownFileType = sourcecode.c.objc; path = ThemesViewController.m; sourceTree = "<group>"; };
		3524A6B690661F07F4365249 /* DSHPortAllocator.m */ = {isa = PBXFileReference; includeInIndex = 1; lastKnownFileType = sourcecode.c.objc; path = DSHPortAllocator.m; sourceTree = "<group>"; };
		35B8912906FEDEC2954B204E /* AboutAppearanceViewController.m */ = {isa = PBXFileReference; includeInIndex = 1; lastKnownFileType = sourcecode.c.objc; path = AboutAppearanceViewController.m; sourceTree = "<group>"; };
		3C51669D04782AEEFD888784 /* DSHLogViewController.m */ = {isa = PBXFileReference; includeInIndex = 1; lastKnownFileType = sourcecode.c.objc; path = DSHLogViewController.m; sourceTree = "<group>"; };
		3EB9C4A74F3E1AFF1D109C70 /* ThemeViewController.m */ = {isa = PBXFileReference; includeInIndex = 1; lastKnownFileType = sourcecode.c.objc; path = ThemeViewController.m; sourceTree = "<group>"; };
		3F7C3AE463526AC22B9B219B /* freeiosterminal.png */ = {isa = PBXFileReference; includeInIndex = 1; lastKnownFileType = image.png; path = freeiosterminal.png; sourceTree = "<group>"; };
		404C1E7D3D8A4F6DB3BA43E3 /* Icons.plist */ = {isa = PBXFileReference; includeInIndex = 1; lastKnownFileType = text.plist.xml; path = Icons.plist; sourceTree = "<group>"; };
		4101B66C4919A3A4AD4BF665 /* DSHMockLLMServer.h */ = {isa = PBXFileReference; includeInIndex = 1; lastKnownFileType = sourcecode.c.h; path = DSHMockLLMServer.h; sourceTree = "<group>"; };
		42604F99A642BCE54C6D06C4 /* Terminal.storyboard */ = {isa = PBXFileReference; includeInIndex = 1; lastKnownFileType = file.storyboard; path = Terminal.storyboard; sourceTree = "<group>"; };
		44F91E3F3A0221294E032D7D /* DSHStatusOverlayView.h */ = {isa = PBXFileReference; includeInIndex = 1; lastKnownFileType = sourcecode.c.h; path = DSHStatusOverlayView.h; sourceTree = "<group>"; };
		4A68F67C85AF15E433B1D390 /* FakeFFmpeg.m */ = {isa = PBXFileReference; includeInIndex = 1; lastKnownFileType = sourcecode.c.objc; path = FakeFFmpeg.m; sourceTree = "<group>"; };
		4D18010A49C94ED2313EB9BE /* AppGroup.m */ = {isa = PBXFileReference; includeInIndex = 1; lastKnownFileType = sourcecode.c.objc; path = AppGroup.m; sourceTree = "<group>"; };
		4FE18CC236DB8D5F5F96C760 /* DSHRootUpgrader.m */ = {isa = PBXFileReference; includeInIndex = 1; lastKnownFileType = sourcecode.c.objc; path = DSHRootUpgrader.m; sourceTree = "<group>"; };
		50EB8365C0338C4DABC373BB /* libiconv.tbd */ = {isa = PBXFileReference; includeInIndex = 1; name = libiconv.tbd; path = usr/lib/libiconv.tbd; sourceTree = SDKROOT; };
		5107A92247033887B0CC2B6E /* DSHHostBridgeTests.m */ = {isa = PBXFileReference; includeInIndex = 1; lastKnownFileType = sourcecode.c.objc; path = DSHHostBridgeTests.m; sourceTree = "<group>"; };
		519A4C72033C3623AEB5AAB1 /* LaunchScreen.storyboard */ = {isa = PBXFileReference; includeInIndex = 1; lastKnownFileType = file.storyboard; path = LaunchScreen.storyboard; sourceTree = "<group>"; };
		537C5E653404FC7E7119F0E2 /* DSHActivityLog.m */ = {isa = PBXFileReference; includeInIndex = 1; lastKnownFileType = sourcecode.c.objc; path = DSHActivityLog.m; sourceTree = "<group>"; };
		5A587E12AE91EA886B17FCCE /* mach_exc.defs */ = {isa = PBXFileReference; includeInIndex = 1; lastKnownFileType = sourcecode.mig; name = mach_exc.defs; path = Platforms/MacOSX.platform/Developer/SDKs/MacOSX.sdk/usr/include/mach/mach_exc.defs; sourceTree = DEVELOPER_DIR; };
		5BEEE52C2DB14E34A3058416 /* hook.c */ = {isa = PBXFileReference; includeInIndex = 1; path = hook.c; sourceTree = "<group>"; };
		5F47AA37AFA646920C275E96 /* UpgradeRootViewController.m */ = {isa = PBXFileReference; includeInIndex = 1; lastKnownFileType = sourcecode.c.objc; path = UpgradeRootViewController.m; sourceTree = "<group>"; };
		60AC50DF6F876F42900E37AA /* icon1337.png */ = {isa = PBXFileReference; includeInIndex = 1; lastKnownFileType = image.png; path = icon1337.png; sourceTree = "<group>"; };
		6168330FAD1BDD7FBD630D2B /* DSHMain.m */ = {isa = PBXFileReference; includeInIndex = 1; lastKnownFileType = sourcecode.c.objc; path = DSHMain.m; sourceTree = "<group>"; };
		6185B962BE9E6DE1AD85BB0E /* SceneDelegate.m */ = {isa = PBXFileReference; includeInIndex = 1; lastKnownFileType = sourcecode.c.objc; path = SceneDelegate.m; sourceTree = "<group>"; };
		62694E3D60F01CDB90C9E544 /* Settings.bundle */ = {isa = PBXFileReference; includeInIndex = 1; lastKnownFileType = "wrapper.plug-in"; path = Settings.bundle; sourceTree = "<group>"; };
		62AABF7385B3141F4F882681 /* AboutNavigationController.m */ = {isa = PBXFileReference; includeInIndex = 1; lastKnownFileType = sourcecode.c.objc; path = AboutNavigationController.m; sourceTree = "<group>"; };
		64EEEEC3B22BDA3917DE7F72 /* DSHCapabilityRoutesTests.m */ = {isa = PBXFileReference; includeInIndex = 1; lastKnownFileType = sourcecode.c.objc; path = DSHCapabilityRoutesTests.m; sourceTree = "<group>"; };
		667ED340A81098C305A17C54 /* DSHActivityCapability.m */ = {isa = PBXFileReference; includeInIndex = 1; lastKnownFileType = sourcecode.c.objc; path = DSHActivityCapability.m; sourceTree = "<group>"; };
		67B7D581923B69F15F43E0B3 /* gen-xcode-project.rb */ = {isa = PBXFileReference; includeInIndex = 1; path = "gen-xcode-project.rb"; sourceTree = "<group>"; };
		6ACD51A84E8CCC964CEF0135 /* TerminalView.m */ = {isa = PBXFileReference; includeInIndex = 1; lastKnownFileType = sourcecode.c.objc; path = TerminalView.m; sourceTree = "<group>"; };
		6C79007CE9A8896E8B2D51D6 /* Makefile */ = {isa = PBXFileReference; includeInIndex = 1; path = Makefile; sourceTree = "<group>"; };
		6D7BB809DB8B47332BE0D1D1 /* ProgressReportViewController.m */ = {isa = PBXFileReference; includeInIndex = 1; lastKnownFileType = sourcecode.c.objc; path = ProgressReportViewController.m; sourceTree = "<group>"; };
		728D007794C6394E13F05BA2 /* TerminalViewController.m */ = {isa = PBXFileReference; includeInIndex = 1; lastKnownFileType = sourcecode.c.objc; path = TerminalViewController.m; sourceTree = "<group>"; };
		72F750BC638B982E0ACBC407 /* Roots.m */ = {isa = PBXFileReference; includeInIndex = 1; lastKnownFileType = sourcecode.c.objc; path = Roots.m; sourceTree = "<group>"; };
		745659BCBAB63408477A7F5A /* DSHCapabilitiesViewController.m */ = {isa = PBXFileReference; includeInIndex = 1; lastKnownFileType = sourcecode.c.objc; path = DSHCapabilitiesViewController.m; sourceTree = "<group>"; };
		76A56B749D77A0E7E5003FEA /* DSHCapabilitiesViewController.h */ = {isa = PBXFileReference; includeInIndex = 1; lastKnownFileType = sourcecode.c.h; path = DSHCapabilitiesViewController.h; sourceTree = "<group>"; };
		78222A13BADFA65B6D41D6F6 /* UIApplication+OpenURL.m */ = {isa = PBXFileReference; includeInIndex = 1; lastKnownFileType = sourcecode.c.objc; path = "UIApplication+OpenURL.m"; sourceTree = "<group>"; };
		7BB329C37DDA769C4253DD6A /* icon.png */ = {isa = PBXFileReference; includeInIndex = 1; lastKnownFileType = image.png; path = icon.png; sourceTree = "<group>"; };
		7C33D76EE935B0A04378939D /* home.patch.yml */ = {isa = PBXFileReference; includeInIndex = 1; path = home.patch.yml; sourceTree = "<group>"; };
		7D1F7316B2D3676D6E262491 /* AppDSH.xcconfig */ = {isa = PBXFileReference; includeInIndex = 1; lastKnownFileType = text.xcconfig; path = AppDSH.xcconfig; sourceTree = "<group>"; };
		7D91408896D8AF412B5AF17A /* Foundation.framework */ = {isa = PBXFileReference; lastKnownFileType = wrapper.framework; name = Foundation.framework; path = Platforms/iPhoneOS.platform/Developer/SDKs/iPhoneOS18.0.sdk/System/Library/Frameworks/Foundation.framework; sourceTree = DEVELOPER_DIR; };
		7E78EC912A00F334D88D988D /* dsh-serve */ = {isa = PBXFileReference; includeInIndex = 1; path = "dsh-serve"; sourceTree = "<group>"; };
		7F1F1FD3FF5569AB878721D5 /* DSHLocationCapability.h */ = {isa = PBXFileReference; includeInIndex = 1; lastKnownFileType = sourcecode.c.h; path = DSHLocationCapability.h; sourceTree = "<group>"; };
		7F38559C743AC87B3A28F020 /* ScrollbarView.m */ = {isa = PBXFileReference; includeInIndex = 1; lastKnownFileType = sourcecode.c.objc; path = ScrollbarView.m; sourceTree = "<group>"; };
		837FAF11C6A748460CE34E01 /* dsh-selftest */ = {isa = PBXFileReference; includeInIndex = 1; path = "dsh-selftest"; sourceTree = "<group>"; };
		85B462F61F83DA6FD5D19049 /* index.js */ = {isa = PBXFileReference; includeInIndex = 1; path = index.js; sourceTree = "<group>"; };
		884894ACDE2A10C3A6065399 /* DSHAppDelegate.h */ = {isa = PBXFileReference; includeInIndex = 1; lastKnownFileType = sourcecode.c.h; path = DSHAppDelegate.h; sourceTree = "<group>"; };
		89C20549776BBCA5461E80AA /* NSObject+SaneKVO.m */ = {isa = PBXFileReference; includeInIndex = 1; lastKnownFileType = sourcecode.c.objc; path = "NSObject+SaneKVO.m"; sourceTree = "<group>"; };
		8CAC214C40C366CCF52203D8 /* RootsTableViewController.m */ = {isa = PBXFileReference; includeInIndex = 1; lastKnownFileType = sourcecode.c.objc; path = RootsTableViewController.m; sourceTree = "<group>"; };
		8DD2B0317BDCA1462537A882 /* DSHRootUpgrader.h */ = {isa = PBXFileReference; includeInIndex = 1; lastKnownFileType = sourcecode.c.h; path = DSHRootUpgrader.h; sourceTree = "<group>"; };
		90349EAE6B4B4B51FA8C6F7A /* ishcolontildehash.png */ = {isa = PBXFileReference; includeInIndex = 1; lastKnownFileType = image.png; path = ishcolontildehash.png; sourceTree = "<group>"; };
		9093B54725FD1C38645C6460 /* ihash1.png */ = {isa = PBXFileReference; includeInIndex = 1; lastKnownFileType = image.png; path = ihash1.png; sourceTree = "<group>"; };
		922285A5F3A5FDFCE37FCC14 /* notsurewhatthisis.png */ = {isa = PBXFileReference; includeInIndex = 1; lastKnownFileType = image.png; path = notsurewhatthisis.png; sourceTree = "<group>"; };
		922F03199C5BAA0C66EDECF4 /* DelayedUITask.m */ = {isa = PBXFileReference; includeInIndex = 1; lastKnownFileType = sourcecode.c.objc; path = DelayedUITask.m; sourceTree = "<group>"; };
		939C136D277BF074A2FADBBA /* package-lock.json */ = {isa = PBXFileReference; includeInIndex = 1; path = "package-lock.json"; sourceTree = "<group>"; };
		940AAE664D3BEB546A84913B /* DSHShortcutsCapability.h */ = {isa = PBXFileReference; includeInIndex = 1; lastKnownFileType = sourcecode.c.h; path = DSHShortcutsCapability.h; sourceTree = "<group>"; };
		95555F3A3EB26ED927B2469C /* DebugServer.c */ = {isa = PBXFileReference; includeInIndex = 1; path = DebugServer.c; sourceTree = "<group>"; };
		965488DBCCDA1C0FF84351B4 /* DSHHostBridge.m */ = {isa = PBXFileReference; includeInIndex = 1; lastKnownFileType = sourcecode.c.objc; path = DSHHostBridge.m; sourceTree = "<group>"; };
		973FA91EED48D3268877488B /* DSHTests.xctest */ = {isa = PBXFileReference; explicitFileType = wrapper.cfbundle; includeInIndex = 0; path = DSHTests.xctest; sourceTree = BUILT_PRODUCTS_DIR; };
		9759A4EAC26651DD70EC5BBD /* BarButton.m */ = {isa = PBXFileReference; includeInIndex = 1; lastKnownFileType = sourcecode.c.objc; path = BarButton.m; sourceTree = "<group>"; };
		97CFC2F1DEC5A7946F538F46 /* DSHGuestLauncher.m */ = {isa = PBXFileReference; includeInIndex = 1; lastKnownFileType = sourcecode.c.objc; path = DSHGuestLauncher.m; sourceTree = "<group>"; };
		982B34877013457F008DF65F /* DSHCapabilityReportTests.m */ = {isa = PBXFileReference; includeInIndex = 1; lastKnownFileType = sourcecode.c.objc; path = DSHCapabilityReportTests.m; sourceTree = "<group>"; };
		9C4A8CBDA444EED661747D84 /* FontPickerViewController.m */ = {isa = PBXFileReference; includeInIndex = 1; lastKnownFileType = sourcecode.c.objc; path = FontPickerViewController.m; sourceTree = "<group>"; };
		9D1E476380B986E4502930E0 /* CurrentRoot.m */ = {isa = PBXFileReference; includeInIndex = 1; lastKnownFileType = sourcecode.c.objc; path = CurrentRoot.m; sourceTree = "<group>"; };
		9D26C3E4142B9B172F447EC8 /* DSHLogBuffer.h */ = {isa = PBXFileReference; includeInIndex = 1; lastKnownFileType = sourcecode.c.h; path = DSHLogBuffer.h; sourceTree = "<group>"; };
		9E76D8B63BB4C840FF88E54C /* AppDelegate.m */ = {isa = PBXFileReference; includeInIndex = 1; lastKnownFileType = sourcecode.c.objc; path = AppDelegate.m; sourceTree = "<group>"; };
		A136FE66E9FECC95F6B6948D /* DSHDeviceCapability.m */ = {isa = PBXFileReference; includeInIndex = 1; lastKnownFileType = sourcecode.c.objc; path = DSHDeviceCapability.m; sourceTree = "<group>"; };
		A231F3DB8D25B56F992A4A77 /* README.md */ = {isa = PBXFileReference; includeInIndex = 1; path = README.md; sourceTree = "<group>"; };
		A4C9239C1DCE9B839F3FBCDD /* ProjectDebug.xcconfig */ = {isa = PBXFileReference; includeInIndex = 1; lastKnownFileType = text.xcconfig; path = ProjectDebug.xcconfig; sourceTree = "<group>"; };
		A5009F5CF13D34E4621CA832 /* DSHBootCoordinator.h */ = {isa = PBXFileReference; includeInIndex = 1; lastKnownFileType = sourcecode.c.h; path = DSHBootCoordinator.h; sourceTree = "<group>"; };
		A547AC18E88FD8044401CC47 /* package.json */ = {isa = PBXFileReference; includeInIndex = 1; path = package.json; sourceTree = "<group>"; };
		A5E83FF68DB0C98277CE12BA /* iOSFS.m */ = {isa = PBXFileReference; includeInIndex = 1; lastKnownFileType = sourcecode.c.objc; path = iOSFS.m; sourceTree = "<group>"; };
		A7D0EAFE67BF1FC6825C2C5E /* UserPreferences.m */ = {isa = PBXFileReference; includeInIndex = 1; lastKnownFileType = sourcecode.c.objc; path = UserPreferences.m; sourceTree = "<group>"; };
		A8DA42FFA4927727E73D0A3C /* LocationDevice.m */ = {isa = PBXFileReference; includeInIndex = 1; lastKnownFileType = sourcecode.c.objc; path = LocationDevice.m; sourceTree = "<group>"; };
		AAD11BD38D30E049BE15E1BD /* DSHCallConfirmationTests.m */ = {isa = PBXFileReference; includeInIndex = 1; lastKnownFileType = sourcecode.c.objc; path = DSHCallConfirmationTests.m; sourceTree = "<group>"; };
		AC379FF7F5F813A9920A0B70 /* DSHPortAllocator.h */ = {isa = PBXFileReference; includeInIndex = 1; lastKnownFileType = sourcecode.c.h; path = DSHPortAllocator.h; sourceTree = "<group>"; };
		ADCFA8B916E370C1E81E4915 /* DSHActivityViewController.m */ = {isa = PBXFileReference; includeInIndex = 1; lastKnownFileType = sourcecode.c.objc; path = DSHActivityViewController.m; sourceTree = "<group>"; };
		AE92A8E42E7AA2D2728C40DF /* DSHFilesCapability.h */ = {isa = PBXFileReference; includeInIndex = 1; lastKnownFileType = sourcecode.c.h; path = DSHFilesCapability.h; sourceTree = "<group>"; };
		B07A2D1D6021A22FF03DF7AB /* term.js */ = {isa = PBXFileReference; includeInIndex = 1; path = term.js; sourceTree = "<group>"; };
		B09E9D1159547E2A5E9C9A3A /* IOSCalls.m */ = {isa = PBXFileReference; includeInIndex = 1; lastKnownFileType = sourcecode.c.objc; path = IOSCalls.m; sourceTree = "<group>"; };
		B1FB8D7111D12648C88D134F /* DSHLogViewController.h */ = {isa = PBXFileReference; includeInIndex = 1; lastKnownFileType = sourcecode.c.h; path = DSHLogViewController.h; sourceTree = "<group>"; };
		B2F36C5A31EA4690DAC3413D /* DSHCapability.m */ = {isa = PBXFileReference; includeInIndex = 1; lastKnownFileType = sourcecode.c.objc; path = DSHCapability.m; sourceTree = "<group>"; };
		B3D0C67B5C629D488589E048 /* PassthroughView.m */ = {isa = PBXFileReference; includeInIndex = 1; lastKnownFileType = sourcecode.c.objc; path = PassthroughView.m; sourceTree = "<group>"; };
		B4C7D765A08E785865FEFDF8 /* DSHFilesCapability.m */ = {isa = PBXFileReference; includeInIndex = 1; lastKnownFileType = sourcecode.c.objc; path = DSHFilesCapability.m; sourceTree = "<group>"; };
		B5263D002AD4EFABF38BD87D /* UIViewController+Extras.m */ = {isa = PBXFileReference; includeInIndex = 1; lastKnownFileType = sourcecode.c.objc; path = "UIViewController+Extras.m"; sourceTree = "<group>"; };
		B57D55604F3F94F98DAFB3C4 /* rootfs-test.sh */ = {isa = PBXFileReference; includeInIndex = 1; lastKnownFileType = text.script.sh; path = "rootfs-test.sh"; sourceTree = "<group>"; };
		B63BF331556AA97319B99886 /* DSHNotificationCapability.h */ = {isa = PBXFileReference; includeInIndex = 1; lastKnownFileType = sourcecode.c.h; path = DSHNotificationCapability.h; sourceTree = "<group>"; };
		B6C8A58D64AB89E235F40274 /* pydann2.png */ = {isa = PBXFileReference; includeInIndex = 1; lastKnownFileType = image.png; path = pydann2.png; sourceTree = "<group>"; };
		B6FA56FB501F122A6ABB8486 /* DSHPermissionPromptTests.m */ = {isa = PBXFileReference; includeInIndex = 1; lastKnownFileType = sourcecode.c.objc; path = DSHPermissionPromptTests.m; sourceTree = "<group>"; };
		B74C07145F87DCCB6413165B /* DSHHarness.h */ = {isa = PBXFileReference; includeInIndex = 1; lastKnownFileType = sourcecode.c.h; path = DSHHarness.h; sourceTree = "<group>"; };
		B82D0F2DE2DBF0906AC6F262 /* DSHUITests.xctest */ = {isa = PBXFileReference; explicitFileType = wrapper.cfbundle; includeInIndex = 0; path = DSHUITests.xctest; sourceTree = BUILT_PRODUCTS_DIR; };
		B87057E135DE3151D50080BA /* dollarblock2.png */ = {isa = PBXFileReference; includeInIndex = 1; lastKnownFileType = image.png; path = dollarblock2.png; sourceTree = "<group>"; };
		BAFD195A29813DA2285AC8FB /* DSHLogBuffer.m */ = {isa = PBXFileReference; includeInIndex = 1; lastKnownFileType = sourcecode.c.objc; path = DSHLogBuffer.m; sourceTree = "<group>"; };
		BB0049A50E98629470CDCA4C /* build-rootfs.sh */ = {isa = PBXFileReference; includeInIndex = 1; lastKnownFileType = text.script.sh; path = "build-rootfs.sh"; sourceTree = "<group>"; };
		BBE786FB2E4BE80FC9D8ECC1 /* DSHReadinessProbe.m */ = {isa = PBXFileReference; includeInIndex = 1; lastKnownFileType = sourcecode.c.objc; path = DSHReadinessProbe.m; sourceTree = "<group>"; };
		BD2E0773348291F09058F40C /* rgb.png */ = {isa = PBXFileReference; includeInIndex = 1; lastKnownFileType = image.png; path = rgb.png; sourceTree = "<group>"; };
		BD70AD0D5F9D9C450A21AD6B /* AboutExternalKeyboardViewController.m */ = {isa = PBXFileReference; includeInIndex = 1; lastKnownFileType = sourcecode.c.objc; path = AboutExternalKeyboardViewController.m; sourceTree = "<group>"; };
		BDAA3C660C647141D188E6D8 /* CoreLocation.framework */ = {isa = PBXFileReference; lastKnownFileType = wrapper.framework; name = CoreLocation.framework; path = System/Library/Frameworks/CoreLocation.framework; sourceTree = SDKROOT; };
		C0DF62A073346EF8C7302F05 /* DSHNotificationCapability.m */ = {isa = PBXFileReference; includeInIndex = 1; lastKnownFileType = sourcecode.c.objc; path = DSHNotificationCapability.m; sourceTree = "<group>"; };
		C47752820668424021109A50 /* DSHHealthCapability.h */ = {isa = PBXFileReference; includeInIndex = 1; lastKnownFileType = sourcecode.c.h; path = DSHHealthCapability.h; sourceTree = "<group>"; };
		C4D3D12F2D7335C3274758D7 /* DSHCallConfirmation.m */ = {isa = PBXFileReference; includeInIndex = 1; lastKnownFileType = sourcecode.c.objc; path = DSHCallConfirmation.m; sourceTree = "<group>"; };
		C832FC396703C5C12DE14D41 /* DSH.entitlements */ = {isa = PBXFileReference; includeInIndex = 1; lastKnownFileType = text.plist.entitlements; path = DSH.entitlements; sourceTree = "<group>"; };
		C90978658D66805B10DC3118 /* metal.png */ = {isa = PBXFileReference; includeInIndex = 1; lastKnownFileType = image.png; path = metal.png; sourceTree = "<group>"; };
		CA2EF18C3C72B900FD9D11FD /* DSHBootCoordinator.m */ = {isa = PBXFileReference; includeInIndex = 1; lastKnownFileType = sourcecode.c.objc; path = DSHBootCoordinator.m; sourceTree = "<group>"; };
		CF061D2FF9B318ABC7C73924 /* Theme.m */ = {isa = PBXFileReference; includeInIndex = 1; lastKnownFileType = sourcecode.c.objc; path = Theme.m; sourceTree = "<group>"; };
		CF4C0B9B6D0749425724B009 /* Roots.storyboard */ = {isa = PBXFileReference; includeInIndex = 1; lastKnownFileType = file.storyboard; path = Roots.storyboard; sourceTree = "<group>"; };
		CF81884D1534C852A1C1D4C9 /* DSHHealthCapabilityTests.m */ = {isa = PBXFileReference; includeInIndex = 1; lastKnownFileType = sourcecode.c.objc; path = DSHHealthCapabilityTests.m; sourceTree = "<group>"; };
		D076B8B2F11DE30398120F21 /* term.css */ = {isa = PBXFileReference; includeInIndex = 1; path = term.css; sourceTree = "<group>"; };
		D0AC7842B7FB9B896AB0B5AD /* DSHHarness.m */ = {isa = PBXFileReference; includeInIndex = 1; lastKnownFileType = sourcecode.c.objc; path = DSHHarness.m; sourceTree = "<group>"; };
		D336FF4E007B3B98C56999EE /* release.sh */ = {isa = PBXFileReference; includeInIndex = 1; lastKnownFileType = text.script.sh; path = release.sh; sourceTree = "<group>"; };
		D414A61EC0EDD1BD3C9314F3 /* DSHActivityLog.h */ = {isa = PBXFileReference; includeInIndex = 1; lastKnownFileType = sourcecode.c.h; path = DSHActivityLog.h; sourceTree = "<group>"; };
		D5655591DE0E811E7CAB736B /* DSHLocationCapability.m */ = {isa = PBXFileReference; includeInIndex = 1; lastKnownFileType = sourcecode.c.objc; path = DSHLocationCapability.m; sourceTree = "<group>"; };
		D712D13F8D973AE4DEB93D78 /* Assets.xcassets */ = {isa = PBXFileReference; includeInIndex = 1; lastKnownFileType = folder.assetcatalog; path = Assets.xcassets; sourceTree = "<group>"; };
		D7B6E2168AA29DC9D8234137 /* DSHLaunchScreen.storyboard */ = {isa = PBXFileReference; includeInIndex = 1; lastKnownFileType = file.storyboard; path = DSHLaunchScreen.storyboard; sourceTree = "<group>"; };
		D81CD13DDC1F4E2D96D673C3 /* DSHDeviceCapability.h */ = {isa = PBXFileReference; includeInIndex = 1; lastKnownFileType = sourcecode.c.h; path = DSHDeviceCapability.h; sourceTree = "<group>"; };
		D95D79BCF6122B41B4EE66E3 /* DSHTestHTTPServer.h */ = {isa = PBXFileReference; includeInIndex = 1; lastKnownFileType = sourcecode.c.h; path = DSHTestHTTPServer.h; sourceTree = "<group>"; };
		DB32A29C4E36FAB63D6E11DB /* AccessibilityFixes.m */ = {isa = PBXFileReference; includeInIndex = 1; lastKnownFileType = sourcecode.c.objc; path = AccessibilityFixes.m; sourceTree = "<group>"; };
		DD6D88A1514EAA549592756E /* DSHEventKitCapability.h */ = {isa = PBXFileReference; includeInIndex = 1; lastKnownFileType = sourcecode.c.h; path = DSHEventKitCapability.h; sourceTree = "<group>"; };
		DF74E9465E805F0264FD1D2B /* DSH.app */ = {isa = PBXFileReference; explicitFileType = wrapper.application; includeInIndex = 0; path = DSH.app; sourceTree = BUILT_PRODUCTS_DIR; };
		E1E89509A3BB05B0FFC4C627 /* reworked.png */ = {isa = PBXFileReference; includeInIndex = 1; lastKnownFileType = image.png; path = reworked.png; sourceTree = "<group>"; };
		E284D9A73839E7B7FB8DD410 /* DSHCapability.h */ = {isa = PBXFileReference; includeInIndex = 1; lastKnownFileType = sourcecode.c.h; path = DSHCapability.h; sourceTree = "<group>"; };
		E2E88A57E2EBA64007D02FF6 /* DSHRootViewController.h */ = {isa = PBXFileReference; includeInIndex = 1; lastKnownFileType = sourcecode.c.h; path = DSHRootViewController.h; sourceTree = "<group>"; };
		E32F9357A789CFF0CF462A13 /* DSHContactsCapability.m */ = {isa = PBXFileReference; includeInIndex = 1; lastKnownFileType = sourcecode.c.objc; path = DSHContactsCapability.m; sourceTree = "<group>"; };
		E674608C8435D138C92D53FF /* Info.plist */ = {isa = PBXFileReference; includeInIndex = 1; lastKnownFileType = text.plist.xml; path = Info.plist; sourceTree = "<group>"; };
		E78CBA7750CE1B01FA15E3AE /* uninspired.png */ = {isa = PBXFileReference; includeInIndex = 1; lastKnownFileType = image.png; path = uninspired.png; sourceTree = "<group>"; };
		E85707052F1D5E5951576E23 /* DSHStatusOverlayView.m */ = {isa = PBXFileReference; includeInIndex = 1; lastKnownFileType = sourcecode.c.objc; path = DSHStatusOverlayView.m; sourceTree = "<group>"; };
		E99FD0504C24AB401C32D62C /* pick-simulator.sh */ = {isa = PBXFileReference; includeInIndex = 1; lastKnownFileType = text.script.sh; path = "pick-simulator.sh"; sourceTree = "<group>"; };
		EA1EA845586F4FA3C963A545 /* ExceptionExfiltrator.m */ = {isa = PBXFileReference; includeInIndex = 1; lastKnownFileType = sourcecode.c.objc; path = ExceptionExfiltrator.m; sourceTree = "<group>"; };
		EAF1CB49A7C6A978775AFC5B /* DSHEventKitCapabilityTests.m */ = {isa = PBXFileReference; includeInIndex = 1; lastKnownFileType = sourcecode.c.objc; path = DSHEventKitCapabilityTests.m; sourceTree = "<group>"; };
		EAF8DFAD2310FBE4DF801279 /* iinhash.png */ = {isa = PBXFileReference; includeInIndex = 1; lastKnownFileType = image.png; path = iinhash.png; sourceTree = "<group>"; };
		EE40E52C24124E971D079ACF /* DSHHostBridge.h */ = {isa = PBXFileReference; includeInIndex = 1; lastKnownFileType = sourcecode.c.h; path = DSHHostBridge.h; sourceTree = "<group>"; };
		F0484FB785C91F79E53AF09B /* pydann1.png */ = {isa = PBXFileReference; includeInIndex = 1; lastKnownFileType = image.png; path = pydann1.png; sourceTree = "<group>"; };
		F06F97A24B97C4085CFAFEDD /* DSHActivityCapability.h */ = {isa = PBXFileReference; includeInIndex = 1; lastKnownFileType = sourcecode.c.h; path = DSHActivityCapability.h; sourceTree = "<group>"; };
		F14087E84F0D0D3AC6793754 /* AboutViewController.m */ = {isa = PBXFileReference; includeInIndex = 1; lastKnownFileType = sourcecode.c.objc; path = AboutViewController.m; sourceTree = "<group>"; };
		F1FD4671A60028A827BF1BCD /* fetch-polyfill-test.mjs */ = {isa = PBXFileReference; includeInIndex = 1; path = "fetch-polyfill-test.mjs"; sourceTree = "<group>"; };
		F250D79F3E00EE7A36DED554 /* dollarblock1.png */ = {isa = PBXFileReference; includeInIndex = 1; lastKnownFileType = image.png; path = dollarblock1.png; sourceTree = "<group>"; };
		F253D864F675C8011055651C /* 3d.png */ = {isa = PBXFileReference; includeInIndex = 1; lastKnownFileType = image.png; path = 3d.png; sourceTree = "<group>"; };
		F495F917E6E3033415F0B0C9 /* DSHAppDelegate.m */ = {isa = PBXFileReference; includeInIndex = 1; lastKnownFileType = sourcecode.c.objc; path = DSHAppDelegate.m; sourceTree = "<group>"; };
		F64EE6CA33F69583F92F8AF2 /* mock-deepseek.mjs */ = {isa = PBXFileReference; includeInIndex = 1; path = "mock-deepseek.mjs"; sourceTree = "<group>"; };
		F6A6B7FB5C2CE7F30DA854F9 /* RootfsPatch.bundle */ = {isa = PBXFileReference; includeInIndex = 1; lastKnownFileType = "wrapper.plug-in"; path = RootfsPatch.bundle; sourceTree = "<group>"; };
		FB3E837F3CCF4D196A617B6E /* package.json */ = {isa = PBXFileReference; includeInIndex = 1; path = package.json; sourceTree = "<group>"; };
		FBB2F7DA658E29D86DFFAEFA /* DSHReadinessProbe.h */ = {isa = PBXFileReference; includeInIndex = 1; lastKnownFileType = sourcecode.c.h; path = DSHReadinessProbe.h; sourceTree = "<group>"; };
		FCB16E4FA251D0BEC08A22D2 /* libarchive.xcodeproj */ = {isa = PBXFileReference; lastKnownFileType = "wrapper.pb-project"; name = libarchive.xcodeproj; path = "ish-arm64/deps/libarchive.xcodeproj"; sourceTree = "<group>"; };
		FED886903D56803370E76AB3 /* PasteboardDevice.m */ = {isa = PBXFileReference; includeInIndex = 1; lastKnownFileType = sourcecode.c.objc; path = PasteboardDevice.m; sourceTree = "<group>"; };
		FEFD882547827449900E87CF /* DSHAssets.xcassets */ = {isa = PBXFileReference; includeInIndex = 1; lastKnownFileType = folder.assetcatalog; path = DSHAssets.xcassets; sourceTree = "<group>"; };
		FF54A8AB1961BF0515372847 /* DSHTestHTTPServer.m */ = {isa = PBXFileReference; includeInIndex = 1; lastKnownFileType = sourcecode.c.objc; path = DSHTestHTTPServer.m; sourceTree = "<group>"; };
/* End PBXFileReference section */

/* Begin PBXFrameworksBuildPhase section */
		74D1116A786E7D4566F9EDD2 /* Frameworks */ = {
			isa = PBXFrameworksBuildPhase;
			buildActionMask = 2147483647;
			files = (
				F6C0F560941EB3E774D9D82E /* Foundation.framework in Frameworks */,
			);
			runOnlyForDeploymentPostprocessing = 0;
		};
		F88F37F0D8A82B9AB55BE542 /* Frameworks */ = {
			isa = PBXFrameworksBuildPhase;
			buildActionMask = 2147483647;
			files = (
				6FB8D530D99BB308C0A88FDE /* Foundation.framework in Frameworks */,
			);
			runOnlyForDeploymentPostprocessing = 0;
		};
		FFB030DD4704C9E7592215EA /* Frameworks */ = {
			isa = PBXFrameworksBuildPhase;
			buildActionMask = 2147483647;
			files = (
				9736EA6DD8256706B47AB7AA /* Foundation.framework in Frameworks */,
				FEF498AEE5DF7A4D16FA708D /* CoreLocation.framework in Frameworks */,
				CF3431E56E3353DD40E7C002 /* SystemConfiguration.framework in Frameworks */,
				CCE6069C4F8339373429BD23 /* libbz2.tbd in Frameworks */,
				6FF91819F32A830EF8B9478B /* libiconv.tbd in Frameworks */,
				4EBE5E1AAEF8947569DA8218 /* libresolv.tbd in Frameworks */,
				D05D077D2E0E294BB28DB4B4 /* libarchive.a in Frameworks */,
			);
			runOnlyForDeploymentPostprocessing = 0;
		};
/* End PBXFrameworksBuildPhase section */

/* Begin PBXGroup section */
		0410703AE080BDBD82B270E1 /* ish-arm64 */ = {
			isa = PBXGroup;
			children = (
				EEC5E68A448EA0E8A4017113 /* xcconfig */,
				CF883ED4945E0C940E39EA2E /* tools */,
				DBC84B59160B34CD4395E72D /* deps */,
				5A587E12AE91EA886B17FCCE /* mach_exc.defs */,
			);
			name = "ish-arm64";
			path = "ish-arm64";
			sourceTree = "<group>";
		};
		0A2B9CADFD93812CB87696D2 /* Icons */ = {
			isa = PBXGroup;
			children = (
				404C1E7D3D8A4F6DB3BA43E3 /* Icons.plist */,
				30630B4C797876C7F8BA3C94 /* idollarhash.png */,
				B87057E135DE3151D50080BA /* dollarblock2.png */,
				E78CBA7750CE1B01FA15E3AE /* uninspired.png */,
				BD2E0773348291F09058F40C /* rgb.png */,
				F250D79F3E00EE7A36DED554 /* dollarblock1.png */,
				25586EC66B38811BBD792755 /* sprite64.png */,
				90349EAE6B4B4B51FA8C6F7A /* ishcolontildehash.png */,
				7BB329C37DDA769C4253DD6A /* icon.png */,
				E1E89509A3BB05B0FFC4C627 /* reworked.png */,
				3209F8BD59F3BD7949390E1D /* colontildehash.png */,
				922285A5F3A5FDFCE37FCC14 /* notsurewhatthisis.png */,
				F0484FB785C91F79E53AF09B /* pydann1.png */,
				B6C8A58D64AB89E235F40274 /* pydann2.png */,
				F253D864F675C8011055651C /* 3d.png */,
				9093B54725FD1C38645C6460 /* ihash1.png */,
				C90978658D66805B10DC3118 /* metal.png */,
				003D03FC7265ABCBC096E8B2 /* is.png */,
				1F7E414EA713CF3AC1984F62 /* circular.png */,
				60AC50DF6F876F42900E37AA /* icon1337.png */,
				EAF8DFAD2310FBE4DF801279 /* iinhash.png */,
				3F7C3AE463526AC22B9B219B /* freeiosterminal.png */,
			);
			name = Icons;
			path = Icons;
			sourceTree = "<group>";
		};
		25EA34C3B4F3BE01DA081AE2 /* js */ = {
			isa = PBXGroup;
			children = (
				279200F3464419B124004A15 /* hterm_all.js */,
			);
			name = js;
			path = js;
			sourceTree = "<group>";
		};
		27CEC976395F322D23E216F1 /* libapps */ = {
			isa = PBXGroup;
			children = (
				C8F2823CBC08CA98231C7025 /* hterm */,
			);
			name = libapps;
			path = libapps;
			sourceTree = "<group>";
		};
		3476800BCFB239AEA78F9B00 /* emu */ = {
			isa = PBXGroup;
			children = (
				142F2A87D7E17A13ABD184BE /* neon_convert_test.c */,
			);
			name = emu;
			path = emu;
			sourceTree = "<group>";
		};
		377D2E03EFE594C9E8D5027B /* dsh-host-bridge */ = {
			isa = PBXGroup;
			children = (
				85B462F61F83DA6FD5D19049 /* index.js */,
				A547AC18E88FD8044401CC47 /* package.json */,
			);
			name = "dsh-host-bridge";
			path = "dsh-host-bridge";
			sourceTree = "<group>";
		};
		38E6E50A52E29F53A0307CC5 /* local */ = {
			isa = PBXGroup;
			children = (
				5F21D226994931BEACE63F4E /* bin */,
				9E9B106F11EEE48CB16D4A66 /* lib */,
				8E55B60C40A7DEFED13888B4 /* share */,
			);
			name = local;
			path = local;
			sourceTree = "<group>";
		};
		3BB3527133764E20BFCB4C23 /* dsh-plugins */ = {
			isa = PBXGroup;
			children = (
				377D2E03EFE594C9E8D5027B /* dsh-host-bridge */,
			);
			name = "dsh-plugins";
			path = "dsh-plugins";
			sourceTree = "<group>";
		};
		471B18A7D22D83EE3F87C739 /* DSHUITests */ = {
			isa = PBXGroup;
			children = (
				22F40A07F18C00AC7BC0B4B5 /* DSHLaunchUITests.m */,
				2E6B8FC21E1648B9B4042DC6 /* Info.plist */,
			);
			name = DSHUITests;
			path = DSHUITests;
			sourceTree = "<group>";
		};
		5F21D226994931BEACE63F4E /* bin */ = {
			isa = PBXGroup;
			children = (
				837FAF11C6A748460CE34E01 /* dsh-selftest */,
				7E78EC912A00F334D88D988D /* dsh-serve */,
			);
			name = bin;
			path = bin;
			sourceTree = "<group>";
		};
		6698A9451E458E631BA91EDF /* iOS */ = {
			isa = PBXGroup;
			children = (
				7D91408896D8AF412B5AF17A /* Foundation.framework */,
			);
			name = iOS;
			sourceTree = "<group>";
		};
		6B511F561B05C92C10ACAF2C /* Products */ = {
			isa = PBXGroup;
			children = (
				8F788A24473B0A4AF32F6E78 /* libarchive.a */,
				DF74E9465E805F0264FD1D2B /* DSH.app */,
				973FA91EED48D3268877488B /* DSHTests.xctest */,
				B82D0F2DE2DBF0906AC6F262 /* DSHUITests.xctest */,
			);
			name = Products;
			sourceTree = "<group>";
		};
		7212000E6D283333A9860CE5 /* dist */ = {
			isa = PBXGroup;
			children = (
				25EA34C3B4F3BE01DA081AE2 /* js */,
			);
			name = dist;
			path = dist;
			sourceTree = "<group>";
		};
		7DCBEB33210A00D0BD2F8562 /* terminal */ = {
			isa = PBXGroup;
			children = (
				B07A2D1D6021A22FF03DF7AB /* term.js */,
				D076B8B2F11DE30398120F21 /* term.css */,
				31F903F846C8E43B5A5E5D48 /* term.html */,
			);
			name = terminal;
			path = terminal;
			sourceTree = "<group>";
		};
		80B7D510E080CEF9AEFA8414 /* scripts */ = {
			isa = PBXGroup;
			children = (
				BB0049A50E98629470CDCA4C /* build-rootfs.sh */,
				67B7D581923B69F15F43E0B3 /* gen-xcode-project.rb */,
				E99FD0504C24AB401C32D62C /* pick-simulator.sh */,
				D336FF4E007B3B98C56999EE /* release.sh */,
			);
			name = scripts;
			path = scripts;
			sourceTree = "<group>";
		};
		8E55B60C40A7DEFED13888B4 /* share */ = {
			isa = PBXGroup;
			children = (
				DF1E9D747E629A519B8303FC /* dsh */,
			);
			name = share;
			path = share;
			sourceTree = "<group>";
		};
		9631668B3A5589DD8C59E191 /* DSHTests */ = {
			isa = PBXGroup;
			children = (
				28650D2A2038E70038CCF8F2 /* DSHActivityLogTests.m */,
				AAD11BD38D30E049BE15E1BD /* DSHCallConfirmationTests.m */,
				982B34877013457F008DF65F /* DSHCapabilityReportTests.m */,
				64EEEEC3B22BDA3917DE7F72 /* DSHCapabilityRoutesTests.m */,
				1A7E59984A6BB20374F691A8 /* DSHCoreTests.m */,
				EAF1CB49A7C6A978775AFC5B /* DSHEventKitCapabilityTests.m */,
				047007D0EBEF1E679502F4AE /* DSHGuestIntegrationTests.m */,
				CF81884D1534C852A1C1D4C9 /* DSHHealthCapabilityTests.m */,
				5107A92247033887B0CC2B6E /* DSHHostBridgeTests.m */,
				0C9ABA00CD9E5D56C33823F9 /* DSHMockLLMServer.m */,
				B6FA56FB501F122A6ABB8486 /* DSHPermissionPromptTests.m */,
				FF54A8AB1961BF0515372847 /* DSHTestHTTPServer.m */,
				4101B66C4919A3A4AD4BF665 /* DSHMockLLMServer.h */,
				D95D79BCF6122B41B4EE66E3 /* DSHTestHTTPServer.h */,
				E674608C8435D138C92D53FF /* Info.plist */,
			);
			name = DSHTests;
			path = DSHTests;
			sourceTree = "<group>";
		};
		96F5FB07928ECA3AC0A6FB98 /* staging */ = {
			isa = PBXGroup;
			children = (
				939C136D277BF074A2FADBBA /* package-lock.json */,
				FB3E837F3CCF4D196A617B6E /* package.json */,
			);
			name = staging;
			path = staging;
			sourceTree = "<group>";
		};
		9E29AFCB194104734FA7DCB1 /* Base.lproj */ = {
			isa = PBXGroup;
			children = (
				42604F99A642BCE54C6D06C4 /* Terminal.storyboard */,
				519A4C72033C3623AEB5AAB1 /* LaunchScreen.storyboard */,
				2F69ED5D2052CD5873BA44B4 /* About.storyboard */,
			);
			name = Base.lproj;
			path = Base.lproj;
			sourceTree = "<group>";
		};
		9E9B106F11EEE48CB16D4A66 /* lib */ = {
			isa = PBXGroup;
			children = (
				3BB3527133764E20BFCB4C23 /* dsh-plugins */,
			);
			name = lib;
			path = lib;
			sourceTree = "<group>";
		};
		9F3782761660ADE4AF1282E0 /* overlay */ = {
			isa = PBXGroup;
			children = (
				F9B5D320B81F512985913C52 /* usr */,
			);
			name = overlay;
			path = overlay;
			sourceTree = "<group>";
		};
		AFFA8B723AA61463C4455D42 /* rootfs */ = {
			isa = PBXGroup;
			children = (
				9F3782761660ADE4AF1282E0 /* overlay */,
				96F5FB07928ECA3AC0A6FB98 /* staging */,
			);
			name = rootfs;
			path = rootfs;
			sourceTree = "<group>";
		};
		B7AACCD827D13BF97429D72F /* tests */ = {
			isa = PBXGroup;
			children = (
				9631668B3A5589DD8C59E191 /* DSHTests */,
				471B18A7D22D83EE3F87C739 /* DSHUITests */,
				281586F6B2BE50454FABA2AC /* emu-test.sh */,
				B57D55604F3F94F98DAFB3C4 /* rootfs-test.sh */,
				F64EE6CA33F69583F92F8AF2 /* mock-deepseek.mjs */,
				F1FD4671A60028A827BF1BCD /* fetch-polyfill-test.mjs */,
				3476800BCFB239AEA78F9B00 /* emu */,
			);
			name = tests;
			path = tests;
			sourceTree = "<group>";
		};
		BFD423B1D4A6979C10DAD248 /* app */ = {
			isa = PBXGroup;
			children = (
				667ED340A81098C305A17C54 /* DSHActivityCapability.m */,
				537C5E653404FC7E7119F0E2 /* DSHActivityLog.m */,
				ADCFA8B916E370C1E81E4915 /* DSHActivityViewController.m */,
				F495F917E6E3033415F0B0C9 /* DSHAppDelegate.m */,
				CA2EF18C3C72B900FD9D11FD /* DSHBootCoordinator.m */,
				C4D3D12F2D7335C3274758D7 /* DSHCallConfirmation.m */,
				745659BCBAB63408477A7F5A /* DSHCapabilitiesViewController.m */,
				B2F36C5A31EA4690DAC3413D /* DSHCapability.m */,
				E32F9357A789CFF0CF462A13 /* DSHContactsCapability.m */,
				A136FE66E9FECC95F6B6948D /* DSHDeviceCapability.m */,
				15AD795D5CEE46563B617AB0 /* DSHEventKitCapability.m */,
				B4C7D765A08E785865FEFDF8 /* DSHFilesCapability.m */,
				97CFC2F1DEC5A7946F538F46 /* DSHGuestLauncher.m */,
				D0AC7842B7FB9B896AB0B5AD /* DSHHarness.m */,
				2EF55772253BB1775D2078A4 /* DSHHealthCapability.m */,
				965488DBCCDA1C0FF84351B4 /* DSHHostBridge.m */,
				D5655591DE0E811E7CAB736B /* DSHLocationCapability.m */,
				BAFD195A29813DA2285AC8FB /* DSHLogBuffer.m */,
				3C51669D04782AEEFD888784 /* DSHLogViewController.m */,
				6168330FAD1BDD7FBD630D2B /* DSHMain.m */,
				C0DF62A073346EF8C7302F05 /* DSHNotificationCapability.m */,
				3524A6B690661F07F4365249 /* DSHPortAllocator.m */,
				BBE786FB2E4BE80FC9D8ECC1 /* DSHReadinessProbe.m */,
				4FE18CC236DB8D5F5F96C760 /* DSHRootUpgrader.m */,
				16A82F9CA75B7FB5A950DB61 /* DSHRootViewController.m */,
				2ACF8354AEA056809DFCC0EA /* DSHSceneDelegate.m */,
				31C9B62A60897E6D0ACAC526 /* DSHShortcutsCapability.m */,
				E85707052F1D5E5951576E23 /* DSHStatusOverlayView.m */,
				F06F97A24B97C4085CFAFEDD /* DSHActivityCapability.h */,
				D414A61EC0EDD1BD3C9314F3 /* DSHActivityLog.h */,
				17CE45ACE9FF8B2D87A3C239 /* DSHActivityViewController.h */,
				884894ACDE2A10C3A6065399 /* DSHAppDelegate.h */,
				A5009F5CF13D34E4621CA832 /* DSHBootCoordinator.h */,
				1212EE359C1CB5F51F8FC3B9 /* DSHCallConfirmation.h */,
				76A56B749D77A0E7E5003FEA /* DSHCapabilitiesViewController.h */,
				E284D9A73839E7B7FB8DD410 /* DSHCapability.h */,
				1B48CAB34A2ECF1E5FD6BBF2 /* DSHContactsCapability.h */,
				D81CD13DDC1F4E2D96D673C3 /* DSHDeviceCapability.h */,
				DD6D88A1514EAA549592756E /* DSHEventKitCapability.h */,
				AE92A8E42E7AA2D2728C40DF /* DSHFilesCapability.h */,
				124E1017D408E869FB3E5C83 /* DSHGuestLauncher.h */,
				B74C07145F87DCCB6413165B /* DSHHarness.h */,
				C47752820668424021109A50 /* DSHHealthCapability.h */,
				EE40E52C24124E971D079ACF /* DSHHostBridge.h */,
				7F1F1FD3FF5569AB878721D5 /* DSHLocationCapability.h */,
				9D26C3E4142B9B172F447EC8 /* DSHLogBuffer.h */,
				B1FB8D7111D12648C88D134F /* DSHLogViewController.h */,
				B63BF331556AA97319B99886 /* DSHNotificationCapability.h */,
				AC379FF7F5F813A9920A0B70 /* DSHPortAllocator.h */,
				FBB2F7DA658E29D86DFFAEFA /* DSHReadinessProbe.h */,
				8DD2B0317BDCA1462537A882 /* DSHRootUpgrader.h */,
				E2E88A57E2EBA64007D02FF6 /* DSHRootViewController.h */,
				1A1EA4C2CA6249DE755D255B /* DSHSceneDelegate.h */,
				940AAE664D3BEB546A84913B /* DSHShortcutsCapability.h */,
				44F91E3F3A0221294E032D7D /* DSHStatusOverlayView.h */,
				7D1F7316B2D3676D6E262491 /* AppDSH.xcconfig */,
				04196FD3C6B136E8FF2C6971 /* Info.plist */,
				C832FC396703C5C12DE14D41 /* DSH.entitlements */,
				FEFD882547827449900E87CF /* DSHAssets.xcassets */,
				D7B6E2168AA29DC9D8234137 /* DSHLaunchScreen.storyboard */,
				0D3EFC681DBF5279AB3FF213 /* PrivacyInfo.xcprivacy */,
			);
			name = app;
			path = app;
			sourceTree = "<group>";
		};
		C0EF4A7B584DD2485AD5A737 /* Frameworks */ = {
			isa = PBXGroup;
			children = (
				6698A9451E458E631BA91EDF /* iOS */,
				BDAA3C660C647141D188E6D8 /* CoreLocation.framework */,
				1DC0292A150353E9AEA01A9F /* SystemConfiguration.framework */,
				253CB0BE8903BA426726C06F /* libbz2.tbd */,
				50EB8365C0338C4DABC373BB /* libiconv.tbd */,
				28A20AFBD889E73154E06D95 /* libresolv.tbd */,
			);
			name = Frameworks;
			sourceTree = "<group>";
		};
		C8F2823CBC08CA98231C7025 /* hterm */ = {
			isa = PBXGroup;
			children = (
				7212000E6D283333A9860CE5 /* dist */,
			);
			name = hterm;
			path = hterm;
			sourceTree = "<group>";
		};
		CF883ED4945E0C940E39EA2E /* tools */ = {
			isa = PBXGroup;
			children = (
				21F17C839A06301DB056EDF4 /* fakefs.c */,
			);
			name = tools;
			path = tools;
			sourceTree = "<group>";
		};
		DBC84B59160B34CD4395E72D /* deps */ = {
			isa = PBXGroup;
			children = (
				27CEC976395F322D23E216F1 /* libapps */,
			);
			name = deps;
			path = deps;
			sourceTree = "<group>";
		};
		DF1E9D747E629A519B8303FC /* dsh */ = {
			isa = PBXGroup;
			children = (
				0AC7D9C3534B9C38DE23822E /* cordis.patch.yml */,
				7C33D76EE935B0A04378939D /* home.patch.yml */,
			);
			name = dsh;
			path = dsh;
			sourceTree = "<group>";
		};
		EEC5E68A448EA0E8A4017113 /* xcconfig */ = {
			isa = PBXGroup;
			children = (
				A4C9239C1DCE9B839F3FBCDD /* ProjectDebug.xcconfig */,
				185BC515E9D4F2D5CFAD6ADB /* ProjectRelease.xcconfig */,
				A8DA42FFA4927727E73D0A3C /* LocationDevice.m */,
				A5E83FF68DB0C98277CE12BA /* iOSFS.m */,
				FED886903D56803370E76AB3 /* PasteboardDevice.m */,
				35B8912906FEDEC2954B204E /* AboutAppearanceViewController.m */,
				06CCEDC7CFAC960BE70658D8 /* AltIconViewController.m */,
				3EB9C4A74F3E1AFF1D109C70 /* ThemeViewController.m */,
				CF061D2FF9B318ABC7C73924 /* Theme.m */,
				62AABF7385B3141F4F882681 /* AboutNavigationController.m */,
				728D007794C6394E13F05BA2 /* TerminalViewController.m */,
				B09E9D1159547E2A5E9C9A3A /* IOSCalls.m */,
				9D1E476380B986E4502930E0 /* CurrentRoot.m */,
				6D7BB809DB8B47332BE0D1D1 /* ProgressReportViewController.m */,
				6ACD51A84E8CCC964CEF0135 /* TerminalView.m */,
				7F38559C743AC87B3A28F020 /* ScrollbarView.m */,
				922F03199C5BAA0C66EDECF4 /* DelayedUITask.m */,
				5BEEE52C2DB14E34A3058416 /* hook.c */,
				72F750BC638B982E0ACBC407 /* Roots.m */,
				1C28B04D2A9678E308F48266 /* Terminal.m */,
				9C4A8CBDA444EED661747D84 /* FontPickerViewController.m */,
				5F47AA37AFA646920C275E96 /* UpgradeRootViewController.m */,
				6185B962BE9E6DE1AD85BB0E /* SceneDelegate.m */,
				BD70AD0D5F9D9C450A21AD6B /* AboutExternalKeyboardViewController.m */,
				B3D0C67B5C629D488589E048 /* PassthroughView.m */,
				A7D0EAFE67BF1FC6825C2C5E /* UserPreferences.m */,
				8CAC214C40C366CCF52203D8 /* RootsTableViewController.m */,
				9759A4EAC26651DD70EC5BBD /* BarButton.m */,
				4D18010A49C94ED2313EB9BE /* AppGroup.m */,
				9E76D8B63BB4C840FF88E54C /* AppDelegate.m */,
				78222A13BADFA65B6D41D6F6 /* UIApplication+OpenURL.m */,
				EA1EA845586F4FA3C963A545 /* ExceptionExfiltrator.m */,
				DB32A29C4E36FAB63D6E11DB /* AccessibilityFixes.m */,
				F14087E84F0D0D3AC6793754 /* AboutViewController.m */,
				B5263D002AD4EFABF38BD87D /* UIViewController+Extras.m */,
				89C20549776BBCA5461E80AA /* NSObject+SaneKVO.m */,
				3243863156CB5C18A9671DD8 /* ThemesViewController.m */,
				2B347FEB1029D62FD4173321 /* ArrowBarButton.m */,
				95555F3A3EB26ED927B2469C /* DebugServer.c */,
				4A68F67C85AF15E433B1D390 /* FakeFFmpeg.m */,
				08B9541A3402FA146265DC28 /* ISHShellExecutor.m */,
				9E29AFCB194104734FA7DCB1 /* Base.lproj */,
				D712D13F8D973AE4DEB93D78 /* Assets.xcassets */,
				62694E3D60F01CDB90C9E544 /* Settings.bundle */,
				0A2B9CADFD93812CB87696D2 /* Icons */,
				CF4C0B9B6D0749425724B009 /* Roots.storyboard */,
				7DCBEB33210A00D0BD2F8562 /* terminal */,
				F6A6B7FB5C2CE7F30DA854F9 /* RootfsPatch.bundle */,
			);
			name = xcconfig;
			path = app;
			sourceTree = "<group>";
		};
		F5AFA2022021A3D3D9E93C6F = {
			isa = PBXGroup;
			children = (
				6B511F561B05C92C10ACAF2C /* Products */,
				C0EF4A7B584DD2485AD5A737 /* Frameworks */,
				0410703AE080BDBD82B270E1 /* ish-arm64 */,
				BFD423B1D4A6979C10DAD248 /* app */,
				B7AACCD827D13BF97429D72F /* tests */,
				FCB16E4FA251D0BEC08A22D2 /* libarchive.xcodeproj */,
				A231F3DB8D25B56F992A4A77 /* README.md */,
				6C79007CE9A8896E8B2D51D6 /* Makefile */,
				80B7D510E080CEF9AEFA8414 /* scripts */,
				AFFA8B723AA61463C4455D42 /* rootfs */,
			);
			sourceTree = "<group>";
		};
		F9B5D320B81F512985913C52 /* usr */ = {
			isa = PBXGroup;
			children = (
				38E6E50A52E29F53A0307CC5 /* local */,
			);
			name = usr;
			path = usr;
			sourceTree = "<group>";
		};
/* End PBXGroup section */

/* Begin PBXNativeTarget section */
		2948AB41C2B48C9C206EF7BD /* DSHTests */ = {
			isa = PBXNativeTarget;
			buildConfigurationList = E6C5682470F85F8B817893A6 /* Build configuration list for PBXNativeTarget "DSHTests" */;
			buildPhases = (
				1E64A3A77E45981960FD3CAE /* Sources */,
				F88F37F0D8A82B9AB55BE542 /* Frameworks */,
				389EC0129507B3AD7AEDB5CE /* Resources */,
			);
			buildRules = (
			);
			dependencies = (
				43F9CDB98955DDB8B75C62EE /* PBXTargetDependency */,
			);
			name = DSHTests;
			productName = DSHTests;
			productReference = 973FA91EED48D3268877488B /* DSHTests.xctest */;
			productType = "com.apple.product-type.bundle.unit-test";
		};
		9D9F5600A3307B90EDBCADAF /* DSH */ = {
			isa = PBXNativeTarget;
			buildConfigurationList = CB34554DE6050EFF9BC6BAAC /* Build configuration list for PBXNativeTarget "DSH" */;
			buildPhases = (
				13AF0B9BD80644934E0F8265 /* Build Meson (iSH-ARM64) */,
				ABAB579D91D6B6B524DF84F7 /* Sources */,
				FFB030DD4704C9E7592215EA /* Frameworks */,
				73BA8BC5368FCFFFF7C3248B /* Copy DSH Root */,
				2C59DCD385BDF54231482FC9 /* Generate APK Repositories File */,
				441E6593C57A91697DFF830A /* Compile hterm JavaScript */,
				EEDF26AEBCAEA57183CDE2B1 /* Resources */,
			);
			buildRules = (
				48DE8F126DA4E0FE06E76EA4 /* PBXBuildRule */,
			);
			dependencies = (
				443AFD7DB47F60FA899762F9 /* PBXTargetDependency */,
			);
			name = DSH;
			productName = DSH;
			productReference = DF74E9465E805F0264FD1D2B /* DSH.app */;
			productType = "com.apple.product-type.application";
		};
		AD828655CBDA09C2E25543DD /* DSHUITests */ = {
			isa = PBXNativeTarget;
			buildConfigurationList = 33A73E54BA1133211A81A9EB /* Build configuration list for PBXNativeTarget "DSHUITests" */;
			buildPhases = (
				EF9DA8BDEC8E38839A64D6BE /* Sources */,
				74D1116A786E7D4566F9EDD2 /* Frameworks */,
				594B43F34C85C739B69A6739 /* Resources */,
			);
			buildRules = (
			);
			dependencies = (
				59A33F33D646CB4BA8049719 /* PBXTargetDependency */,
			);
			name = DSHUITests;
			productName = DSHUITests;
			productReference = B82D0F2DE2DBF0906AC6F262 /* DSHUITests.xctest */;
			productType = "com.apple.product-type.bundle.ui-testing";
		};
/* End PBXNativeTarget section */

/* Begin PBXProject section */
		DC10D664AE5C45254C8D477F /* Project object */ = {
			isa = PBXProject;
			attributes = {
				LastSwiftUpdateCheck = 1600;
				LastUpgradeCheck = 2700;
				TargetAttributes = {
					2948AB41C2B48C9C206EF7BD = {
						TestTargetID = 9D9F5600A3307B90EDBCADAF;
					};
					AD828655CBDA09C2E25543DD = {
						TestTargetID = 9D9F5600A3307B90EDBCADAF;
					};
				};
			};
			buildConfigurationList = 54749CE5262462512646B9E0 /* Build configuration list for PBXProject "DSH" */;
			compatibilityVersion = "Xcode 3.2";
			developmentRegion = en;
			hasScannedForEncodings = 0;
			knownRegions = (
				en,
				Base,
			);
			mainGroup = F5AFA2022021A3D3D9E93C6F;
			minimizedProjectReferenceProxies = 0;
			preferredProjectObjectVersion = 77;
			productRefGroup = 6B511F561B05C92C10ACAF2C /* Products */;
			projectDirPath = "";
			projectReferences = (
				{
					ProductGroup = 6B511F561B05C92C10ACAF2C /* Products */;
					ProjectRef = FCB16E4FA251D0BEC08A22D2 /* libarchive.xcodeproj */;
				},
			);
			projectRoot = "";
			targets = (
				9D9F5600A3307B90EDBCADAF /* DSH */,
				2948AB41C2B48C9C206EF7BD /* DSHTests */,
				AD828655CBDA09C2E25543DD /* DSHUITests */,
			);
		};
/* End PBXProject section */

/* Begin PBXReferenceProxy section */
		8F788A24473B0A4AF32F6E78 /* libarchive.a */ = {
			isa = PBXReferenceProxy;
			fileType = archive.ar;
			path = libarchive.a;
			remoteRef = 58013243D33F2EC89F25E412 /* PBXContainerItemProxy */;
			sourceTree = BUILT_PRODUCTS_DIR;
		};
/* End PBXReferenceProxy section */

/* Begin PBXResourcesBuildPhase section */
		389EC0129507B3AD7AEDB5CE /* Resources */ = {
			isa = PBXResourcesBuildPhase;
			buildActionMask = 2147483647;
			files = (
			);
			runOnlyForDeploymentPostprocessing = 0;
		};
		594B43F34C85C739B69A6739 /* Resources */ = {
			isa = PBXResourcesBuildPhase;
			buildActionMask = 2147483647;
			files = (
			);
			runOnlyForDeploymentPostprocessing = 0;
		};
		EEDF26AEBCAEA57183CDE2B1 /* Resources */ = {
			isa = PBXResourcesBuildPhase;
			buildActionMask = 2147483647;
			files = (
				F171A8D98464C18669943947 /* Terminal.storyboard in Resources */,
				66558E070E0127E0FF3F3755 /* Assets.xcassets in Resources */,
				3472971C12EDDCD855D1FDAF /* LaunchScreen.storyboard in Resources */,
				DC6E4FEC0BDE075E080F701B /* Settings.bundle in Resources */,
				22AC14A0F944D1DE9E1494C9 /* Icons.plist in Resources */,
				64859E714A1E7C2BF634EC75 /* About.storyboard in Resources */,
				8F21871695FD53DC5F4CEEEE /* Roots.storyboard in Resources */,
				C8675D8A3E5F70F7FB7E2593 /* hterm_all.js in Resources */,
				15C663EBCCE7A4B7F3E76E08 /* term.js in Resources */,
				1C98F687F20A759491DBF02F /* term.css in Resources */,
				27AEFE59BF2F3C8C89A53AF4 /* term.html in Resources */,
				491E9D013175F6D3EC43499E /* idollarhash.png in Resources */,
				7D707C99BBB866023E13B43D /* dollarblock2.png in Resources */,
				722F357693F850FB79EDC57A /* uninspired.png in Resources */,
				00A25016E8D97CD48271BE88 /* rgb.png in Resources */,
				43E3589DD8C8EDD811F5A924 /* dollarblock1.png in Resources */,
				1143B881854BE5F4E5205E74 /* sprite64.png in Resources */,
				F1E06C2EDE1951D2FE7E8B2D /* ishcolontildehash.png in Resources */,
				E213F4E6D6AD33D2CCC6F902 /* icon.png in Resources */,
				09B1A9FABAAF0AD31B622D1C /* reworked.png in Resources */,
				51E88D3068BD7E89F5C5BBBA /* colontildehash.png in Resources */,
				C2DDAB3B1457E2DEF9CBF012 /* notsurewhatthisis.png in Resources */,
				E28D91D375D3F06824144096 /* pydann1.png in Resources */,
				8E6873562D314CB6FAF763EF /* pydann2.png in Resources */,
				8B2621C606DEDE8C7A872DB4 /* 3d.png in Resources */,
				7B133F2A1ABE3CA4DC3303E0 /* ihash1.png in Resources */,
				7DCD41BD35A92FA0DAE98A89 /* metal.png in Resources */,
				F6F20F4C7E872BF6B106C55B /* is.png in Resources */,
				8C3510460450ECF1467B0E7B /* circular.png in Resources */,
				74400F22A2BF6F9207C87D80 /* icon1337.png in Resources */,
				81090EAB6F4C0273544EC759 /* iinhash.png in Resources */,
				FEAA6ABA26CABAC953683415 /* freeiosterminal.png in Resources */,
				D1ACD4324087378A214F808D /* RootfsPatch.bundle in Resources */,
				8BB0512A16626A3C2D64F565 /* DSHAssets.xcassets in Resources */,
				D6A1F1BA62D693D35DE84A75 /* DSHLaunchScreen.storyboard in Resources */,
				42B8221FCACB024474750519 /* PrivacyInfo.xcprivacy in Resources */,
			);
			runOnlyForDeploymentPostprocessing = 0;
		};
/* End PBXResourcesBuildPhase section */

/* Begin PBXShellScriptBuildPhase section */
		13AF0B9BD80644934E0F8265 /* Build Meson (iSH-ARM64) */ = {
			isa = PBXShellScriptBuildPhase;
			alwaysOutOfDate = 1;
			buildActionMask = 2147483647;
			files = (
			);
			inputFileListPaths = (
			);
			inputPaths = (
			);
			name = "Build Meson (iSH-ARM64)";
			outputFileListPaths = (
			);
			outputPaths = (
			);
			runOnlyForDeploymentPostprocessing = 0;
			shellPath = /bin/sh;
			shellScript = "# Builds libish.a / libish_emu.a / libfakefs.a with meson from ./ish-arm64.\nexport ISH_SRC=\"$SRCROOT/ish-arm64\"\nexport SRCROOT=\"$ISH_SRC\"       # iSH's helper scripts locate their sources via SRCROOT\n\"$ISH_SRC/app/xcode-meson.sh\"\ncd \"$MESON_BUILD_DIR\"\n\"$ISH_SRC/app/xcode-ninja.sh\" $NINJA_TARGETS\n";
			showEnvVarsInLog = 0;
		};
		2C59DCD385BDF54231482FC9 /* Generate APK Repositories File */ = {
			isa = PBXShellScriptBuildPhase;
			buildActionMask = 2147483647;
			files = (
			);
			inputFileListPaths = (
			);
			inputPaths = (
				"$(SRCROOT)/ish-arm64/app/gen_apk_repositories.py",
			);
			name = "Generate APK Repositories File";
			outputFileListPaths = (
			);
			outputPaths = (
				"$(BUILT_PRODUCTS_DIR)/$(CONTENTS_FOLDER_PATH)/repositories.txt",
			);
			runOnlyForDeploymentPostprocessing = 0;
			shellPath = /bin/sh;
			shellScript = "SRCROOT=\"$SRCROOT/ish-arm64\" python3 \"$SRCROOT/ish-arm64/app/gen_apk_repositories.py\"\n";
		};
		441E6593C57A91697DFF830A /* Compile hterm JavaScript */ = {
			isa = PBXShellScriptBuildPhase;
			buildActionMask = 2147483647;
			files = (
			);
			inputFileListPaths = (
			);
			inputPaths = (
				"$(SRCROOT)/ish-arm64/deps/libapps/hterm/js",
			);
			name = "Compile hterm JavaScript";
			outputFileListPaths = (
			);
			outputPaths = (
				"$(SRCROOT)/ish-arm64/deps/libapps/hterm/dist/js/hterm_all.js",
			);
			runOnlyForDeploymentPostprocessing = 0;
			shellPath = /bin/sh;
			shellScript = "cd \"$SRCROOT/ish-arm64/deps/libapps\" && ./hterm/bin/mkdist\n";
		};
		73BA8BC5368FCFFFF7C3248B /* Copy DSH Root */ = {
			isa = PBXShellScriptBuildPhase;
			buildActionMask = 2147483647;
			files = (
			);
			inputFileListPaths = (
			);
			inputPaths = (
				"$(DSH_ROOTFS_TARBALL)",
			);
			name = "Copy DSH Root";
			outputFileListPaths = (
			);
			outputPaths = (
				"$(BUILT_PRODUCTS_DIR)/$(CONTENTS_FOLDER_PATH)/root.tar.gz",
				"$(BUILT_PRODUCTS_DIR)/$(CONTENTS_FOLDER_PATH)/root.tar.gz.sha256",
			);
			runOnlyForDeploymentPostprocessing = 0;
			shellPath = /bin/sh;
			shellScript = "set -e\nif [ ! -f \"$DSH_ROOTFS_TARBALL\" ]; then\n  echo \"error: $DSH_ROOTFS_TARBALL not found. Run: make -C \\\"$SRCROOT\\\" rootfs\" >&2\n  exit 1\nfi\ncp \"$DSH_ROOTFS_TARBALL\" \"$BUILT_PRODUCTS_DIR/$CONTENTS_FOLDER_PATH/root.tar.gz\"\nshasum -a 256 \"$DSH_ROOTFS_TARBALL\" | cut -d' ' -f1 > \"$BUILT_PRODUCTS_DIR/$CONTENTS_FOLDER_PATH/root.tar.gz.sha256\"\n";
		};
/* End PBXShellScriptBuildPhase section */

/* Begin PBXSourcesBuildPhase section */
		1E64A3A77E45981960FD3CAE /* Sources */ = {
			isa = PBXSourcesBuildPhase;
			buildActionMask = 2147483647;
			files = (
				1E1E01D9A56B804D43CF6DD2 /* DSHActivityLogTests.m in Sources */,
				DE7F62C83E659BA7F5E6ADC3 /* DSHCallConfirmationTests.m in Sources */,
				D062E7C0C87BF25BB3D92944 /* DSHCapabilityReportTests.m in Sources */,
				686B68CCD949923D70D3EF38 /* DSHCapabilityRoutesTests.m in Sources */,
				89E7EB92D149CA3DA791ECF4 /* DSHCoreTests.m in Sources */,
				3893A4C72E7C027D8550ED54 /* DSHEventKitCapabilityTests.m in Sources */,
				DAB0D69DBB26D7FA9AD78544 /* DSHGuestIntegrationTests.m in Sources */,
				430DB08EC964497C85C57683 /* DSHHealthCapabilityTests.m in Sources */,
				CB6E90EA257A034A575DE5F9 /* DSHHostBridgeTests.m in Sources */,
				BF0643DBCB54AD09F691C91B /* DSHMockLLMServer.m in Sources */,
				00E5B5B8ED3E96BEDCD7F147 /* DSHPermissionPromptTests.m in Sources */,
				59E27AAE67D77A2E73C8C5DC /* DSHTestHTTPServer.m in Sources */,
			);
			runOnlyForDeploymentPostprocessing = 0;
		};
		ABAB579D91D6B6B524DF84F7 /* Sources */ = {
			isa = PBXSourcesBuildPhase;
			buildActionMask = 2147483647;
			files = (
				97D46CBCF63610C8B84CA71A /* LocationDevice.m in Sources */,
				5C96F30D26415ABBB94C586D /* iOSFS.m in Sources */,
				59B85C3BC10E5434F878B2F7 /* PasteboardDevice.m in Sources */,
				FF0AA18A065554EFF83085D3 /* AboutAppearanceViewController.m in Sources */,
				EA443F65C9B328EDA4F4BCD3 /* AltIconViewController.m in Sources */,
				0C55C7AFE42B6605850D0DE1 /* ThemeViewController.m in Sources */,
				A010FB478764FA190456535C /* Theme.m in Sources */,
				5CA8136DE05FFA0FCFDD9FBA /* AboutNavigationController.m in Sources */,
				456033479C25AF87803D906E /* TerminalViewController.m in Sources */,
				4C0D5B65DA054D4569F31A3B /* IOSCalls.m in Sources */,
				FFB38F4039DBA8C7C6D52474 /* CurrentRoot.m in Sources */,
				7DDC8EA2B19BFB3444553325 /* ProgressReportViewController.m in Sources */,
				7BCFD4D391F312494925E25E /* TerminalView.m in Sources */,
				CA9CFAF0798CEA28F61672F1 /* ScrollbarView.m in Sources */,
				BBECA2AC807741D9808F94E5 /* DelayedUITask.m in Sources */,
				1B5B4A605647599935D051A0 /* hook.c in Sources */,
				E8F1CEDC34D0A785712460DF /* Roots.m in Sources */,
				DBEA8C61000942B7EF0A7478 /* Terminal.m in Sources */,
				C5C8B00721EFECE826AF916E /* FontPickerViewController.m in Sources */,
				4CDDEBD08D32E9E028397FFC /* UpgradeRootViewController.m in Sources */,
				0F81B3A71C219CD4CFD68E55 /* SceneDelegate.m in Sources */,
				000C31486B86E39DE45E47A4 /* AboutExternalKeyboardViewController.m in Sources */,
				2B35D020E00F75D579D9C502 /* PassthroughView.m in Sources */,
				05F68F7E95151F88E32FE296 /* UserPreferences.m in Sources */,
				1CCA5ED0CA078023AE3E71ED /* RootsTableViewController.m in Sources */,
				3A7D9D071C35997340E6B0FA /* BarButton.m in Sources */,
				1C1AA79EE1EEC7F53F892FB9 /* AppGroup.m in Sources */,
				DD54D0B55EEC6197C961BC8C /* AppDelegate.m in Sources */,
				DC7A8A10A652476FBE5FD7BA /* UIApplication+OpenURL.m in Sources */,
				71FF7E0E5FFC370C5CE94DFB /* ExceptionExfiltrator.m in Sources */,
				1A2A1BAB30BFFB1B2071C742 /* AccessibilityFixes.m in Sources */,
				6E8AC24EA0E8AD15887CB807 /* AboutViewController.m in Sources */,
				8A5A8BA1A5286A30989FFE2B /* UIViewController+Extras.m in Sources */,
				CFE778EE986D4C1BDD058124 /* NSObject+SaneKVO.m in Sources */,
				6CE83A741B9BD10328E0E727 /* ThemesViewController.m in Sources */,
				4100D1CF6F0936DC2FEE556C /* fakefs.c in Sources */,
				142DA5B5F8A61B10EB0EA3D4 /* ArrowBarButton.m in Sources */,
				A65CA824323FFC3888EA225D /* DebugServer.c in Sources */,
				FFB6B286AA26302DC7BE6D51 /* FakeFFmpeg.m in Sources */,
				906D475E3F7A978BEF424938 /* ISHShellExecutor.m in Sources */,
				80B5EF43F89A54B354BF8CCA /* DSHActivityCapability.m in Sources */,
				343EB3EF258CAFA2E9D490CC /* DSHActivityLog.m in Sources */,
				EBE3AEDFFCA719C622B49855 /* DSHActivityViewController.m in Sources */,
				3A8E0294AFABEA3EEB9C4EEB /* DSHAppDelegate.m in Sources */,
				B7C74BBE0E11F6E1E7D2759E /* DSHBootCoordinator.m in Sources */,
				66DAF2CD8F3E8F776FE6C48D /* DSHCallConfirmation.m in Sources */,
				4455D11E4506247616DE3747 /* DSHCapabilitiesViewController.m in Sources */,
				641D3854D9809FA4B39E29E7 /* DSHCapability.m in Sources */,
				A1C0619438A3E2FC4EB92947 /* DSHContactsCapability.m in Sources */,
				5B1C3A33F7E4B7CEF130AF34 /* DSHDeviceCapability.m in Sources */,
				A6884E9D6CB679212E9A7DE2 /* DSHEventKitCapability.m in Sources */,
				022E8439371217DCF1FF6D88 /* DSHFilesCapability.m in Sources */,
				1919175F7180F6856CEA9060 /* DSHGuestLauncher.m in Sources */,
				7CD5B3067C431963A9ABB34E /* DSHHarness.m in Sources */,
				65BB4DA2291E96D9A22E9D01 /* DSHHealthCapability.m in Sources */,
				287E705E0CCF4CC94BF8EE36 /* DSHHostBridge.m in Sources */,
				AF3B3ED4ABDBC29565760DBC /* DSHLocationCapability.m in Sources */,
				2AE9E889D729CEDDD3E58FEB /* DSHLogBuffer.m in Sources */,
				2F15848D1684C3B5A432BC0A /* DSHLogViewController.m in Sources */,
				F219A0F42EDE55ACF7177760 /* DSHMain.m in Sources */,
				38F5B9959EFAC64DB8A7CA23 /* DSHNotificationCapability.m in Sources */,
				7C7AD1C407F9BDC57A916B7A /* DSHPortAllocator.m in Sources */,
				D4D26D1873745F4E27631BD1 /* DSHReadinessProbe.m in Sources */,
				E9648FC430448A26A11BCE93 /* DSHRootUpgrader.m in Sources */,
				B1AAE1B0A733921F215E6F21 /* DSHRootViewController.m in Sources */,
				EBFE6BA758F53D90EC0455D7 /* DSHSceneDelegate.m in Sources */,
				BAA894408BE637B3FA7768A2 /* DSHShortcutsCapability.m in Sources */,
				AEEEC92C52711AB36B2CEEF3 /* DSHStatusOverlayView.m in Sources */,
				6EAF12531CDFB32FF7F0E6A8 /* mach_exc.defs in Sources */,
			);
			runOnlyForDeploymentPostprocessing = 0;
		};
		EF9DA8BDEC8E38839A64D6BE /* Sources */ = {
			isa = PBXSourcesBuildPhase;
			buildActionMask = 2147483647;
			files = (
				294DC1A6CCA67014E85FF3A2 /* DSHLaunchUITests.m in Sources */,
			);
			runOnlyForDeploymentPostprocessing = 0;
		};
/* End PBXSourcesBuildPhase section */

/* Begin PBXTargetDependency section */
		43F9CDB98955DDB8B75C62EE /* PBXTargetDependency */ = {
			isa = PBXTargetDependency;
			name = DSH;
			target = 9D9F5600A3307B90EDBCADAF /* DSH */;
			targetProxy = 62C0E7F8ACF780BF110ECAED /* PBXContainerItemProxy */;
		};
		443AFD7DB47F60FA899762F9 /* PBXTargetDependency */ = {
			isa = PBXTargetDependency;
			name = libarchive;
			targetProxy = EA5429CB2AD68BE36F45D0AB /* PBXContainerItemProxy */;
		};
		59A33F33D646CB4BA8049719 /* PBXTargetDependency */ = {
			isa = PBXTargetDependency;
			name = DSH;
			target = 9D9F5600A3307B90EDBCADAF /* DSH */;
			targetProxy = 65EB41D44083CC2A9412D407 /* PBXContainerItemProxy */;
		};
/* End PBXTargetDependency section */

/* Begin XCBuildConfiguration section */
		06819FD49BD1F8AD86DCD198 /* Release */ = {
			isa = XCBuildConfiguration;
			buildSettings = {
				ALWAYS_EMBED_SWIFT_STANDARD_LIBRARIES = NO;
				"ARCHS[sdk=iphonesimulator*]" = arm64;
				CLANG_ENABLE_MODULES = YES;
				CLANG_ENABLE_OBJC_ARC = YES;
				CODE_SIGN_STYLE = Automatic;
				DEVELOPMENT_TEAM = "$(DSH_DEVELOPMENT_TEAM)";
				"EXCLUDED_ARCHS[sdk=iphonesimulator*]" = "x86_64 i386";
				GENERATE_INFOPLIST_FILE = NO;
				HEADER_SEARCH_PATHS = (
					"$(inherited)",
					"$(SRCROOT)/ish-arm64",
					"$(SRCROOT)/ish-arm64/app",
					"$(SRCROOT)/app",
				);
				INFOPLIST_FILE = "$(SRCROOT)/tests/DSHUITests/Info.plist";
				IPHONEOS_DEPLOYMENT_TARGET = 16.0;
				LD_RUNPATH_SEARCH_PATHS = "$(inherited) @executable_path/Frameworks @loader_path/Frameworks";
				PRODUCT_BUNDLE_IDENTIFIER = com.xnuapp.dsh.uitests;
				PRODUCT_NAME = "$(TARGET_NAME)";
				SDKROOT = iphoneos;
				SUPPORTED_PLATFORMS = "iphoneos iphonesimulator";
				TARGETED_DEVICE_FAMILY = "1,2";
				TEST_TARGET_NAME = DSH;
				USES_XCTRUNNER = YES;
			};
			name = Release;
		};
		27EDA4B6ED176308D557B13E /* Release */ = {
			isa = XCBuildConfiguration;
			buildSettings = {
				ALWAYS_EMBED_SWIFT_STANDARD_LIBRARIES = NO;
				"ARCHS[sdk=iphonesimulator*]" = arm64;
				BUNDLE_LOADER = "$(TEST_HOST)";
				CLANG_ENABLE_MODULES = YES;
				CLANG_ENABLE_OBJC_ARC = YES;
				CODE_SIGN_STYLE = Automatic;
				DEVELOPMENT_TEAM = "$(DSH_DEVELOPMENT_TEAM)";
				"EXCLUDED_ARCHS[sdk=iphonesimulator*]" = "x86_64 i386";
				GENERATE_INFOPLIST_FILE = NO;
				HEADER_SEARCH_PATHS = (
					"$(inherited)",
					"$(SRCROOT)/ish-arm64",
					"$(SRCROOT)/ish-arm64/app",
					"$(SRCROOT)/app",
				);
				INFOPLIST_FILE = "$(SRCROOT)/tests/DSHTests/Info.plist";
				IPHONEOS_DEPLOYMENT_TARGET = 16.0;
				LD_RUNPATH_SEARCH_PATHS = "$(inherited) @executable_path/Frameworks @loader_path/Frameworks";
				PRODUCT_BUNDLE_IDENTIFIER = com.xnuapp.dsh.tests;
				PRODUCT_NAME = "$(TARGET_NAME)";
				SDKROOT = iphoneos;
				SUPPORTED_PLATFORMS = "iphoneos iphonesimulator";
				TARGETED_DEVICE_FAMILY = "1,2";
				TEST_HOST = "$(BUILT_PRODUCTS_DIR)/DSH.app/DSH";
			};
			name = Release;
		};
		7D345CC8C26EDE6EC96B8B1F /* Release */ = {
			isa = XCBuildConfiguration;
			baseConfigurationReference = 185BC515E9D4F2D5CFAD6ADB /* ProjectRelease.xcconfig */;
			buildSettings = {
			};
			name = Release;
		};
		8613BAE8B33977B82FB74B15 /* Release */ = {
			isa = XCBuildConfiguration;
			baseConfigurationReference = 7D1F7316B2D3676D6E262491 /* AppDSH.xcconfig */;
			buildSettings = {
			};
			name = Release;
		};
		AA4FF11DFC5D516674E7BEF6 /* Debug */ = {
			isa = XCBuildConfiguration;
			buildSettings = {
				ALWAYS_EMBED_SWIFT_STANDARD_LIBRARIES = NO;
				"ARCHS[sdk=iphonesimulator*]" = arm64;
				BUNDLE_LOADER = "$(TEST_HOST)";
				CLANG_ENABLE_MODULES = YES;
				CLANG_ENABLE_OBJC_ARC = YES;
				CODE_SIGN_STYLE = Automatic;
				DEVELOPMENT_TEAM = "$(DSH_DEVELOPMENT_TEAM)";
				"EXCLUDED_ARCHS[sdk=iphonesimulator*]" = "x86_64 i386";
				GENERATE_INFOPLIST_FILE = NO;
				HEADER_SEARCH_PATHS = (
					"$(inherited)",
					"$(SRCROOT)/ish-arm64",
					"$(SRCROOT)/ish-arm64/app",
					"$(SRCROOT)/app",
				);
				INFOPLIST_FILE = "$(SRCROOT)/tests/DSHTests/Info.plist";
				IPHONEOS_DEPLOYMENT_TARGET = 16.0;
				LD_RUNPATH_SEARCH_PATHS = "$(inherited) @executable_path/Frameworks @loader_path/Frameworks";
				PRODUCT_BUNDLE_IDENTIFIER = com.xnuapp.dsh.tests;
				PRODUCT_NAME = "$(TARGET_NAME)";
				SDKROOT = iphoneos;
				SUPPORTED_PLATFORMS = "iphoneos iphonesimulator";
				TARGETED_DEVICE_FAMILY = "1,2";
				TEST_HOST = "$(BUILT_PRODUCTS_DIR)/DSH.app/DSH";
			};
			name = Debug;
		};
		DB9E5587B2686638A9311EA6 /* Debug */ = {
			isa = XCBuildConfiguration;
			buildSettings = {
				ALWAYS_EMBED_SWIFT_STANDARD_LIBRARIES = NO;
				"ARCHS[sdk=iphonesimulator*]" = arm64;
				CLANG_ENABLE_MODULES = YES;
				CLANG_ENABLE_OBJC_ARC = YES;
				CODE_SIGN_STYLE = Automatic;
				DEVELOPMENT_TEAM = "$(DSH_DEVELOPMENT_TEAM)";
				"EXCLUDED_ARCHS[sdk=iphonesimulator*]" = "x86_64 i386";
				GENERATE_INFOPLIST_FILE = NO;
				HEADER_SEARCH_PATHS = (
					"$(inherited)",
					"$(SRCROOT)/ish-arm64",
					"$(SRCROOT)/ish-arm64/app",
					"$(SRCROOT)/app",
				);
				INFOPLIST_FILE = "$(SRCROOT)/tests/DSHUITests/Info.plist";
				IPHONEOS_DEPLOYMENT_TARGET = 16.0;
				LD_RUNPATH_SEARCH_PATHS = "$(inherited) @executable_path/Frameworks @loader_path/Frameworks";
				PRODUCT_BUNDLE_IDENTIFIER = com.xnuapp.dsh.uitests;
				PRODUCT_NAME = "$(TARGET_NAME)";
				SDKROOT = iphoneos;
				SUPPORTED_PLATFORMS = "iphoneos iphonesimulator";
				TARGETED_DEVICE_FAMILY = "1,2";
				TEST_TARGET_NAME = DSH;
				USES_XCTRUNNER = YES;
			};
			name = Debug;
		};
		E9F9E1D8AAD1719584DA01FD /* Debug */ = {
			isa = XCBuildConfiguration;
			baseConfigurationReference = A4C9239C1DCE9B839F3FBCDD /* ProjectDebug.xcconfig */;
			buildSettings = {
			};
			name = Debug;
		};
		FB57F50DE59BBD5F8B5447D6 /* Debug */ = {
			isa = XCBuildConfiguration;
			baseConfigurationReference = 7D1F7316B2D3676D6E262491 /* AppDSH.xcconfig */;
			buildSettings = {
			};
			name = Debug;
		};
/* End XCBuildConfiguration section */

/* Begin XCConfigurationList section */
		33A73E54BA1133211A81A9EB /* Build configuration list for PBXNativeTarget "DSHUITests" */ = {
			isa = XCConfigurationList;
			buildConfigurations = (
				06819FD49BD1F8AD86DCD198 /* Release */,
				DB9E5587B2686638A9311EA6 /* Debug */,
			);
			defaultConfigurationIsVisible = 0;
			defaultConfigurationName = Release;
		};
		54749CE5262462512646B9E0 /* Build configuration list for PBXProject "DSH" */ = {
			isa = XCConfigurationList;
			buildConfigurations = (
				E9F9E1D8AAD1719584DA01FD /* Debug */,
				7D345CC8C26EDE6EC96B8B1F /* Release */,
			);
			defaultConfigurationIsVisible = 0;
			defaultConfigurationName = Release;
		};
		CB34554DE6050EFF9BC6BAAC /* Build configuration list for PBXNativeTarget "DSH" */ = {
			isa = XCConfigurationList;
			buildConfigurations = (
				8613BAE8B33977B82FB74B15 /* Release */,
				FB57F50DE59BBD5F8B5447D6 /* Debug */,
			);
			defaultConfigurationIsVisible = 0;
			defaultConfigurationName = Release;
		};
		E6C5682470F85F8B817893A6 /* Build configuration list for PBXNativeTarget "DSHTests" */ = {
			isa = XCConfigurationList;
			buildConfigurations = (
				27EDA4B6ED176308D557B13E /* Release */,
				AA4FF11DFC5D516674E7BEF6 /* Debug */,
			);
			defaultConfigurationIsVisible = 0;
			defaultConfigurationName = Release;
		};
/* End XCConfigurationList section */
	};
	rootObject = DC10D664AE5C45254C8D477F /* Project object */;
}
